PODS:
  - AFNetworking (3.2.1):
    - AFNetworking/NSURLSession (= 3.2.1)
    - AFNetworking/Reachability (= 3.2.1)
    - AFNetworking/Security (= 3.2.1)
    - AFNetworking/Serialization (= 3.2.1)
    - AFNetworking/UIKit (= 3.2.1)
  - AFNetworking/NSURLSession (3.2.1):
    - AFNetworking/Reachability
    - AFNetworking/Security
    - AFNetworking/Serialization
  - AFNetworking/Reachability (3.2.1)
  - AFNetworking/Security (3.2.1)
  - AFNetworking/Serialization (3.2.1)
  - AFNetworking/UIKit (3.2.1):
    - AFNetworking/NSURLSession
  - CHTCollectionViewWaterfallLayout (0.9.7):
    - CHTCollectionViewWaterfallLayout/ObjC (= 0.9.7)
  - CHTCollectionViewWaterfallLayout/ObjC (0.9.7)
  - MJRefresh (3.1.16)
  - SDWebImage (4.4.6):
    - SDWebImage/Core (= 4.4.6)
  - SDWebImage/Core (4.4.6)
  - TMTumblrSDK (5.0)

DEPENDENCIES:
  - AFNetworking
  - CHTCollectionViewWaterfallLayout
  - MJRefresh
  - SDWebImage (~> 4.0)
  - TMTumblrSDK

SPEC REPOS:
  https://github.com/cocoapods/specs.git:
    - AFNetworking
    - CHTCollectionViewWaterfallLayout
    - MJRefresh
    - SDWebImage
    - TMTumblrSDK

SPEC CHECKSUMS:
  AFNetworking: b6f891fdfaed196b46c7a83cf209e09697b94057
  CHTCollectionViewWaterfallLayout: 9d11068fafecac106695bb5a5d6d0f738483b598
  MJRefresh: 7798e16e53a5ef7f332dd05b27664db4e29530fd
  SDWebImage: 3f3f0c02f09798048c47a5ed0a13f17b063572d8
  TMTumblrSDK: 75aca84910dd905a1ca63f5f5826fbeaf28a0c1e

PODFILE CHECKSUM: 2892955474c8149ad06f5e342166217f861da356

COCOAPODS: 1.6.1
