// !$*UTF8*$!
{
	archiveVersion = 1;
	classes = {
	};
	objectVersion = 50;
	objects = {

/* Begin PBXBuildFile section */
		05984714FDD350053D3AF23A /* libPods-TumblrViewer.a in Frameworks */ = {isa = PBXBuildFile; fileRef = A007F1D8F2C5BB62DE2511B0 /* libPods-TumblrViewer.a */; };
		12E573343849C6A82D328A2D /* libPods-TumblrViewerTests.a in Frameworks */ = {isa = PBXBuildFile; fileRef = ED1157BE6975B9C01C6D7BFD /* libPods-TumblrViewerTests.a */; };
		A8BA40DC700BE4B569F57F36 /* libPods-TumblrViewerUITests.a in Frameworks */ = {isa = PBXBuildFile; fileRef = D0F1CE533C97F2DF70DA0A0E /* libPods-TumblrViewerUITests.a */; };
		A923A75622B4DA08002340B5 /* BTCollectionViewWaterfallLayout.m in Sources */ = {isa = PBXBuildFile; fileRef = A923A75522B4DA08002340B5 /* BTCollectionViewWaterfallLayout.m */; };
		A923A75B22B4FF56002340B5 /* UIImage+AddCorner.m in Sources */ = {isa = PBXBuildFile; fileRef = A923A75A22B4FF56002340B5 /* UIImage+AddCorner.m */; };
		A923A76122B7E639002340B5 /* BTPostListViewController.m in Sources */ = {isa = PBXBuildFile; fileRef = A923A76022B7E639002340B5 /* BTPostListViewController.m */; };
		A960E6EF224CBFF7007A9F2E /* BTRootViewController.m in Sources */ = {isa = PBXBuildFile; fileRef = A960E6EE224CBFF7007A9F2E /* BTRootViewController.m */; };
		A99CC702224CCBFB007B22C9 /* SystemConfiguration.framework in Frameworks */ = {isa = PBXBuildFile; fileRef = A99CC701224CCBFB007B22C9 /* SystemConfiguration.framework */; };
		A99CC704224CCC03007B22C9 /* MobileCoreServices.framework in Frameworks */ = {isa = PBXBuildFile; fileRef = A99CC703224CCC03007B22C9 /* MobileCoreServices.framework */; };
		A99CC70A224CCCF6007B22C9 /* APIAccessHelper.m in Sources */ = {isa = PBXBuildFile; fileRef = A99CC707224CCCF6007B22C9 /* APIAccessHelper.m */; };
		A9B35CE22281CF380041CE4C /* BTPost.m in Sources */ = {isa = PBXBuildFile; fileRef = A9B35CE12281CF380041CE4C /* BTPost.m */; };
		A9B40EEB2295924A006A3762 /* BTPostGallaryViewController.m in Sources */ = {isa = PBXBuildFile; fileRef = A9B40EEA2295924A006A3762 /* BTPostGallaryViewController.m */; };
		A9B5CB62224BBCFD00B2FAFD /* Assets.xcassets in Resources */ = {isa = PBXBuildFile; fileRef = A9B5CB61224BBCFD00B2FAFD /* Assets.xcassets */; };
		A9B5CB65224BBCFD00B2FAFD /* LaunchScreen.storyboard in Resources */ = {isa = PBXBuildFile; fileRef = A9B5CB63224BBCFD00B2FAFD /* LaunchScreen.storyboard */; };
		A9B5CB68224BBCFD00B2FAFD /* main.m in Sources */ = {isa = PBXBuildFile; fileRef = A9B5CB67224BBCFD00B2FAFD /* main.m */; };
		A9B5CB72224BBCFD00B2FAFD /* TumblrViewerTests.m in Sources */ = {isa = PBXBuildFile; fileRef = A9B5CB71224BBCFD00B2FAFD /* TumblrViewerTests.m */; };
		A9B5CB7D224BBCFD00B2FAFD /* TumblrViewerUITests.m in Sources */ = {isa = PBXBuildFile; fileRef = A9B5CB7C224BBCFD00B2FAFD /* TumblrViewerUITests.m */; };
		A9B5CB9C224BC08800B2FAFD /* BTMainTabViewController.m in Sources */ = {isa = PBXBuildFile; fileRef = A9B5CB9B224BC08800B2FAFD /* BTMainTabViewController.m */; };
		A9B5CBA1224BC0C400B2FAFD /* LoginViewController.m in Sources */ = {isa = PBXBuildFile; fileRef = A9B5CBA0224BC0C400B2FAFD /* LoginViewController.m */; };
		A9B5CBA5224BC10000B2FAFD /* BTMainAppDelegate.m in Sources */ = {isa = PBXBuildFile; fileRef = A9B5CBA4224BC10000B2FAFD /* BTMainAppDelegate.m */; };
		A9CEEC3B22A82F3B0079B88C /* htmlHeader.html in Resources */ = {isa = PBXBuildFile; fileRef = A9CEEC3A22A82F3B0079B88C /* htmlHeader.html */; };
		A9CEEC6F22AEA59B0079B88C /* settings-1.png in Resources */ = {isa = PBXBuildFile; fileRef = A9CEEC3D22AEA59B0079B88C /* settings-1.png */; };
		A9CEEC7022AEA59B0079B88C /* headphones.png in Resources */ = {isa = PBXBuildFile; fileRef = A9CEEC3E22AEA59B0079B88C /* headphones.png */; };
		A9CEEC7122AEA59B0079B88C /* pie-chart.png in Resources */ = {isa = PBXBuildFile; fileRef = A9CEEC3F22AEA59B0079B88C /* pie-chart.png */; };
		A9CEEC7222AEA59B0079B88C /* upload-1.png in Resources */ = {isa = PBXBuildFile; fileRef = A9CEEC4022AEA59B0079B88C /* upload-1.png */; };
		A9CEEC7322AEA59B0079B88C /* book.png in Resources */ = {isa = PBXBuildFile; fileRef = A9CEEC4122AEA59B0079B88C /* book.png */; };
		A9CEEC7422AEA59B0079B88C /* musical-note.png in Resources */ = {isa = PBXBuildFile; fileRef = A9CEEC4222AEA59B0079B88C /* musical-note.png */; };
		A9CEEC7522AEA59B0079B88C /* download.png in Resources */ = {isa = PBXBuildFile; fileRef = A9CEEC4322AEA59B0079B88C /* download.png */; };
		A9CEEC7622AEA59B0079B88C /* envelope.png in Resources */ = {isa = PBXBuildFile; fileRef = A9CEEC4422AEA59B0079B88C /* envelope.png */; };
		A9CEEC7722AEA59B0079B88C /* settings.png in Resources */ = {isa = PBXBuildFile; fileRef = A9CEEC4522AEA59B0079B88C /* settings.png */; };
		A9CEEC7822AEA59B0079B88C /* dislike.png in Resources */ = {isa = PBXBuildFile; fileRef = A9CEEC4622AEA59B0079B88C /* dislike.png */; };
		A9CEEC7922AEA59B0079B88C /* link.png in Resources */ = {isa = PBXBuildFile; fileRef = A9CEEC4722AEA59B0079B88C /* link.png */; };
		A9CEEC7A22AEA59B0079B88C /* shopping-bag.png in Resources */ = {isa = PBXBuildFile; fileRef = A9CEEC4822AEA59B0079B88C /* shopping-bag.png */; };
		A9CEEC7B22AEA59B0079B88C /* piggy-bank.png in Resources */ = {isa = PBXBuildFile; fileRef = A9CEEC4922AEA59B0079B88C /* piggy-bank.png */; };
		A9CEEC7C22AEA59B0079B88C /* tag.png in Resources */ = {isa = PBXBuildFile; fileRef = A9CEEC4A22AEA59B0079B88C /* tag.png */; };
		A9CEEC7D22AEA59B0079B88C /* vector.png in Resources */ = {isa = PBXBuildFile; fileRef = A9CEEC4B22AEA59B0079B88C /* vector.png */; };
		A9CEEC7E22AEA59B0079B88C /* cancel.png in Resources */ = {isa = PBXBuildFile; fileRef = A9CEEC4C22AEA59B0079B88C /* cancel.png */; };
		A9CEEC7F22AEA59B0079B88C /* logout.png in Resources */ = {isa = PBXBuildFile; fileRef = A9CEEC4D22AEA59B0079B88C /* logout.png */; };
		A9CEEC8022AEA59B0079B88C /* avatar-male.png in Resources */ = {isa = PBXBuildFile; fileRef = A9CEEC4E22AEA59B0079B88C /* avatar-male.png */; };
		A9CEEC8122AEA59B0079B88C /* house.png in Resources */ = {isa = PBXBuildFile; fileRef = A9CEEC4F22AEA59B0079B88C /* house.png */; };
		A9CEEC8222AEA59B0079B88C /* like.png in Resources */ = {isa = PBXBuildFile; fileRef = A9CEEC5022AEA59B0079B88C /* like.png */; };
		A9CEEC8322AEA59B0079B88C /* hand.png in Resources */ = {isa = PBXBuildFile; fileRef = A9CEEC5122AEA59B0079B88C /* hand.png */; };
		A9CEEC8422AEA59B0079B88C /* placeholder.png in Resources */ = {isa = PBXBuildFile; fileRef = A9CEEC5222AEA59B0079B88C /* placeholder.png */; };
		A9CEEC8522AEA59B0079B88C /* heart.png in Resources */ = {isa = PBXBuildFile; fileRef = A9CEEC5322AEA59B0079B88C /* heart.png */; };
		A9CEEC8622AEA59B0079B88C /* chat-2.png in Resources */ = {isa = PBXBuildFile; fileRef = A9CEEC5422AEA59B0079B88C /* chat-2.png */; };
		A9CEEC8722AEA59B0079B88C /* folder.png in Resources */ = {isa = PBXBuildFile; fileRef = A9CEEC5522AEA59B0079B88C /* folder.png */; };
		A9CEEC8822AEA59B0079B88C /* avatar-female.png in Resources */ = {isa = PBXBuildFile; fileRef = A9CEEC5622AEA59B0079B88C /* avatar-female.png */; };
		A9CEEC8922AEA59B0079B88C /* monitor.png in Resources */ = {isa = PBXBuildFile; fileRef = A9CEEC5722AEA59B0079B88C /* monitor.png */; };
		A9CEEC8A22AEA59B0079B88C /* garbage.png in Resources */ = {isa = PBXBuildFile; fileRef = A9CEEC5822AEA59B0079B88C /* garbage.png */; };
		A9CEEC8B22AEA59B0079B88C /* shopping-cart.png in Resources */ = {isa = PBXBuildFile; fileRef = A9CEEC5922AEA59B0079B88C /* shopping-cart.png */; };
		A9CEEC8C22AEA59B0079B88C /* chat-1.png in Resources */ = {isa = PBXBuildFile; fileRef = A9CEEC5A22AEA59B0079B88C /* chat-1.png */; };
		A9CEEC8D22AEA59B0079B88C /* shuffle.png in Resources */ = {isa = PBXBuildFile; fileRef = A9CEEC5B22AEA59B0079B88C /* shuffle.png */; };
		A9CEEC8E22AEA59B0079B88C /* upload.png in Resources */ = {isa = PBXBuildFile; fileRef = A9CEEC5C22AEA59B0079B88C /* upload.png */; };
		A9CEEC8F22AEA59B0079B88C /* magnifying-glass.png in Resources */ = {isa = PBXBuildFile; fileRef = A9CEEC5D22AEA59B0079B88C /* magnifying-glass.png */; };
		A9CEEC9022AEA59B0079B88C /* next-1.png in Resources */ = {isa = PBXBuildFile; fileRef = A9CEEC5E22AEA59B0079B88C /* next-1.png */; };
		A9CEEC9122AEA59B0079B88C /* share.png in Resources */ = {isa = PBXBuildFile; fileRef = A9CEEC5F22AEA59B0079B88C /* share.png */; };
		A9CEEC9222AEA59B0079B88C /* edit.png in Resources */ = {isa = PBXBuildFile; fileRef = A9CEEC6022AEA59B0079B88C /* edit.png */; };
		A9CEEC9422AEA59B0079B88C /* star.png in Resources */ = {isa = PBXBuildFile; fileRef = A9CEEC6222AEA59B0079B88C /* star.png */; };
		A9CEEC9522AEA59B0079B88C /* photo-camera.png in Resources */ = {isa = PBXBuildFile; fileRef = A9CEEC6322AEA59B0079B88C /* photo-camera.png */; };
		A9CEEC9622AEA59B0079B88C /* download-1.png in Resources */ = {isa = PBXBuildFile; fileRef = A9CEEC6422AEA59B0079B88C /* download-1.png */; };
		A9CEEC9722AEA59B0079B88C /* speaker.png in Resources */ = {isa = PBXBuildFile; fileRef = A9CEEC6522AEA59B0079B88C /* speaker.png */; };
		A9CEEC9822AEA59B0079B88C /* phone-call.png in Resources */ = {isa = PBXBuildFile; fileRef = A9CEEC6622AEA59B0079B88C /* phone-call.png */; };
		A9CEEC9922AEA59B0079B88C /* printer.png in Resources */ = {isa = PBXBuildFile; fileRef = A9CEEC6722AEA59B0079B88C /* printer.png */; };
		A9CEEC9A22AEA59B0079B88C /* chat.png in Resources */ = {isa = PBXBuildFile; fileRef = A9CEEC6822AEA59B0079B88C /* chat.png */; };
		A9CEEC9B22AEA59B0079B88C /* paper-plane.png in Resources */ = {isa = PBXBuildFile; fileRef = A9CEEC6922AEA59B0079B88C /* paper-plane.png */; };
		A9CEEC9C22AEA59B0079B88C /* back.png in Resources */ = {isa = PBXBuildFile; fileRef = A9CEEC6A22AEA59B0079B88C /* back.png */; };
		A9CEEC9D22AEA59B0079B88C /* reload.png in Resources */ = {isa = PBXBuildFile; fileRef = A9CEEC6B22AEA59B0079B88C /* reload.png */; };
		A9CEEC9E22AEA59B0079B88C /* copy.png in Resources */ = {isa = PBXBuildFile; fileRef = A9CEEC6C22AEA59B0079B88C /* copy.png */; };
		A9CEEC9F22AEA59B0079B88C /* padlock.png in Resources */ = {isa = PBXBuildFile; fileRef = A9CEEC6D22AEA59B0079B88C /* padlock.png */; };
		A9CEECA022AEA59B0079B88C /* glasses.png in Resources */ = {isa = PBXBuildFile; fileRef = A9CEEC6E22AEA59B0079B88C /* glasses.png */; };
		A9CEECA222AEA5E40079B88C /* forward.png in Resources */ = {isa = PBXBuildFile; fileRef = A9CEECA122AEA5E40079B88C /* forward.png */; };
		A9CEECA522AEB0540079B88C /* BTPostDetailViewController.m in Sources */ = {isa = PBXBuildFile; fileRef = A9CEECA422AEB0540079B88C /* BTPostDetailViewController.m */; };
		A9CEECB522AEC4180079B88C /* BTToastManager.m in Sources */ = {isa = PBXBuildFile; fileRef = A9CEECAA22AEC4180079B88C /* BTToastManager.m */; };
		A9CEECB622AEC4180079B88C /* BTToastInfo.m in Sources */ = {isa = PBXBuildFile; fileRef = A9CEECAB22AEC4180079B88C /* BTToastInfo.m */; };
		A9CEECB722AEC4180079B88C /* BRToastWindow.m in Sources */ = {isa = PBXBuildFile; fileRef = A9CEECAF22AEC4180079B88C /* BRToastWindow.m */; };
		A9CEECB822AEC4180079B88C /* BTToastViewController.m in Sources */ = {isa = PBXBuildFile; fileRef = A9CEECB022AEC4180079B88C /* BTToastViewController.m */; };
		A9CEECB922AEC4180079B88C /* BTToastViewControllerContainerView.m in Sources */ = {isa = PBXBuildFile; fileRef = A9CEECB122AEC4180079B88C /* BTToastViewControllerContainerView.m */; };
		A9CEECBA22AEC4180079B88C /* BTToastView.m in Sources */ = {isa = PBXBuildFile; fileRef = A9CEECB422AEC4180079B88C /* BTToastView.m */; };
		A9CFF35322A2680900D424C0 /* icon1024.png in Resources */ = {isa = PBXBuildFile; fileRef = A9CFF34922A2680900D424C0 /* icon1024.png */; };
		A9D19FD7224DDB350043CFBE /* BTUtils.m in Sources */ = {isa = PBXBuildFile; fileRef = A9D19FD6224DDB350043CFBE /* BTUtils.m */; };
		A9D19FDE224E2BE30043CFBE /* Storyboard.storyboard in Resources */ = {isa = PBXBuildFile; fileRef = A9D19FDD224E2BE30043CFBE /* Storyboard.storyboard */; };
		A9D19FF22250CF370043CFBE /* BTDashboardCollectionCell.m in Sources */ = {isa = PBXBuildFile; fileRef = A9D19FF12250CF370043CFBE /* BTDashboardCollectionCell.m */; };
		A9D19FF92250EEE70043CFBE /* HTMLParser.m in Sources */ = {isa = PBXBuildFile; fileRef = A9D19FF62250EEE60043CFBE /* HTMLParser.m */; };
		A9D19FFA2250EEE70043CFBE /* HTMLNode.m in Sources */ = {isa = PBXBuildFile; fileRef = A9D19FF82250EEE70043CFBE /* HTMLNode.m */; };
		A9D19FFC2250EF2A0043CFBE /* libxml2.tbd in Frameworks */ = {isa = PBXBuildFile; fileRef = A9D19FFB2250EF2A0043CFBE /* libxml2.tbd */; };
		A9FAB6D222A2865000BEDACF /* BTBaseViewController.m in Sources */ = {isa = PBXBuildFile; fileRef = A9FAB6D122A2865000BEDACF /* BTBaseViewController.m */; };
		C33843F622C1262F00BB71F0 /* avatar@3x.png in Resources */ = {isa = PBXBuildFile; fileRef = C33843F522C1262E00BB71F0 /* avatar@3x.png */; };
		C33843FE22C66CF400BB71F0 /* Localizable.strings in Resources */ = {isa = PBXBuildFile; fileRef = C338440022C66CF400BB71F0 /* Localizable.strings */; };
		C3478ECE22BF17CD009A5416 /* XWSLeftView.m in Sources */ = {isa = PBXBuildFile; fileRef = C3478ECC22BF17CC009A5416 /* XWSLeftView.m */; };
		C355BD24229940D200A12C41 /* BTVideoPlayViewController.m in Sources */ = {isa = PBXBuildFile; fileRef = C355BD23229940D200A12C41 /* BTVideoPlayViewController.m */; };
		C355BD282299443500A12C41 /* PostsDataModel.m in Sources */ = {isa = PBXBuildFile; fileRef = C355BD272299443500A12C41 /* PostsDataModel.m */; };
		C3E5C37F22AB9FF9004C68FC /* BTURLCacheProtocol.m in Sources */ = {isa = PBXBuildFile; fileRef = C3E5C37E22AB9FF9004C68FC /* BTURLCacheProtocol.m */; };
		C3E5C38222ABA104004C68FC /* BTWebview.m in Sources */ = {isa = PBXBuildFile; fileRef = C3E5C38122ABA104004C68FC /* BTWebview.m */; };
		C3E5C38722ABAD48004C68FC /* NSData+Base64.m in Sources */ = {isa = PBXBuildFile; fileRef = C3E5C38522ABAD48004C68FC /* NSData+Base64.m */; };
		C3E5C38A22ACDE17004C68FC /* BTUserInfo.m in Sources */ = {isa = PBXBuildFile; fileRef = C3E5C38922ACDE17004C68FC /* BTUserInfo.m */; };
/* End PBXBuildFile section */

/* Begin PBXContainerItemProxy section */
		A9B5CB6E224BBCFD00B2FAFD /* PBXContainerItemProxy */ = {
			isa = PBXContainerItemProxy;
			containerPortal = A9B5CB4D224BBCFC00B2FAFD /* Project object */;
			proxyType = 1;
			remoteGlobalIDString = A9B5CB54224BBCFC00B2FAFD;
			remoteInfo = TumblrViewer;
		};
		A9B5CB79224BBCFD00B2FAFD /* PBXContainerItemProxy */ = {
			isa = PBXContainerItemProxy;
			containerPortal = A9B5CB4D224BBCFC00B2FAFD /* Project object */;
			proxyType = 1;
			remoteGlobalIDString = A9B5CB54224BBCFC00B2FAFD;
			remoteInfo = TumblrViewer;
		};
/* End PBXContainerItemProxy section */

/* Begin PBXFileReference section */
		191250296FFDBABB56972FF6 /* Pods-TumblrViewer.debug.xcconfig */ = {isa = PBXFileReference; includeInIndex = 1; lastKnownFileType = text.xcconfig; name = "Pods-TumblrViewer.debug.xcconfig"; path = "Target Support Files/Pods-TumblrViewer/Pods-TumblrViewer.debug.xcconfig"; sourceTree = "<group>"; };
		41CB0DE5EEEB8BA4C16CE2E1 /* Pods-TumblrViewerTests.debug.xcconfig */ = {isa = PBXFileReference; includeInIndex = 1; lastKnownFileType = text.xcconfig; name = "Pods-TumblrViewerTests.debug.xcconfig"; path = "Target Support Files/Pods-TumblrViewerTests/Pods-TumblrViewerTests.debug.xcconfig"; sourceTree = "<group>"; };
		654A5C53EE79B669EFB9727F /* Pods-TumblrViewerUITests.release.xcconfig */ = {isa = PBXFileReference; includeInIndex = 1; lastKnownFileType = text.xcconfig; name = "Pods-TumblrViewerUITests.release.xcconfig"; path = "Target Support Files/Pods-TumblrViewerUITests/Pods-TumblrViewerUITests.release.xcconfig"; sourceTree = "<group>"; };
		7336DB1B74460751D268CE01 /* Pods-TumblrViewerTests.release.xcconfig */ = {isa = PBXFileReference; includeInIndex = 1; lastKnownFileType = text.xcconfig; name = "Pods-TumblrViewerTests.release.xcconfig"; path = "Target Support Files/Pods-TumblrViewerTests/Pods-TumblrViewerTests.release.xcconfig"; sourceTree = "<group>"; };
		8327337146CB205614B98DB0 /* Pods-TumblrViewerUITests.debug.xcconfig */ = {isa = PBXFileReference; includeInIndex = 1; lastKnownFileType = text.xcconfig; name = "Pods-TumblrViewerUITests.debug.xcconfig"; path = "Target Support Files/Pods-TumblrViewerUITests/Pods-TumblrViewerUITests.debug.xcconfig"; sourceTree = "<group>"; };
		9D05C14839BA85A336FB3FDB /* Pods-TumblrViewer.release.xcconfig */ = {isa = PBXFileReference; includeInIndex = 1; lastKnownFileType = text.xcconfig; name = "Pods-TumblrViewer.release.xcconfig"; path = "Target Support Files/Pods-TumblrViewer/Pods-TumblrViewer.release.xcconfig"; sourceTree = "<group>"; };
		A007F1D8F2C5BB62DE2511B0 /* libPods-TumblrViewer.a */ = {isa = PBXFileReference; explicitFileType = archive.ar; includeInIndex = 0; path = "libPods-TumblrViewer.a"; sourceTree = BUILT_PRODUCTS_DIR; };
		A923A75422B4DA08002340B5 /* BTCollectionViewWaterfallLayout.h */ = {isa = PBXFileReference; lastKnownFileType = sourcecode.c.h; path = BTCollectionViewWaterfallLayout.h; sourceTree = "<group>"; };
		A923A75522B4DA08002340B5 /* BTCollectionViewWaterfallLayout.m */ = {isa = PBXFileReference; lastKnownFileType = sourcecode.c.objc; path = BTCollectionViewWaterfallLayout.m; sourceTree = "<group>"; };
		A923A75922B4FF56002340B5 /* UIImage+AddCorner.h */ = {isa = PBXFileReference; lastKnownFileType = sourcecode.c.h; path = "UIImage+AddCorner.h"; sourceTree = "<group>"; };
		A923A75A22B4FF56002340B5 /* UIImage+AddCorner.m */ = {isa = PBXFileReference; lastKnownFileType = sourcecode.c.objc; path = "UIImage+AddCorner.m"; sourceTree = "<group>"; };
		A923A75F22B7E639002340B5 /* BTPostListViewController.h */ = {isa = PBXFileReference; lastKnownFileType = sourcecode.c.h; path = BTPostListViewController.h; sourceTree = "<group>"; };
		A923A76022B7E639002340B5 /* BTPostListViewController.m */ = {isa = PBXFileReference; lastKnownFileType = sourcecode.c.objc; path = BTPostListViewController.m; sourceTree = "<group>"; };
		A960E6ED224CBFF7007A9F2E /* BTRootViewController.h */ = {isa = PBXFileReference; lastKnownFileType = sourcecode.c.h; path = BTRootViewController.h; sourceTree = "<group>"; };
		A960E6EE224CBFF7007A9F2E /* BTRootViewController.m */ = {isa = PBXFileReference; lastKnownFileType = sourcecode.c.objc; path = BTRootViewController.m; sourceTree = "<group>"; };
		A99CC701224CCBFB007B22C9 /* SystemConfiguration.framework */ = {isa = PBXFileReference; lastKnownFileType = wrapper.framework; name = SystemConfiguration.framework; path = System/Library/Frameworks/SystemConfiguration.framework; sourceTree = SDKROOT; };
		A99CC703224CCC03007B22C9 /* MobileCoreServices.framework */ = {isa = PBXFileReference; lastKnownFileType = wrapper.framework; name = MobileCoreServices.framework; path = System/Library/Frameworks/MobileCoreServices.framework; sourceTree = SDKROOT; };
		A99CC707224CCCF6007B22C9 /* APIAccessHelper.m */ = {isa = PBXFileReference; fileEncoding = 4; lastKnownFileType = sourcecode.c.objc; path = APIAccessHelper.m; sourceTree = "<group>"; };
		A99CC708224CCCF6007B22C9 /* APIAccessHelper.h */ = {isa = PBXFileReference; fileEncoding = 4; lastKnownFileType = sourcecode.c.h; path = APIAccessHelper.h; sourceTree = "<group>"; };
		A9B35CE02281CF380041CE4C /* BTPost.h */ = {isa = PBXFileReference; lastKnownFileType = sourcecode.c.h; path = BTPost.h; sourceTree = "<group>"; };
		A9B35CE12281CF380041CE4C /* BTPost.m */ = {isa = PBXFileReference; lastKnownFileType = sourcecode.c.objc; path = BTPost.m; sourceTree = "<group>"; };
		A9B40EE92295924A006A3762 /* BTPostGallaryViewController.h */ = {isa = PBXFileReference; fileEncoding = 4; lastKnownFileType = sourcecode.c.h; path = BTPostGallaryViewController.h; sourceTree = "<group>"; };
		A9B40EEA2295924A006A3762 /* BTPostGallaryViewController.m */ = {isa = PBXFileReference; fileEncoding = 4; lastKnownFileType = sourcecode.c.objc; path = BTPostGallaryViewController.m; sourceTree = "<group>"; };
		A9B5CB55224BBCFC00B2FAFD /* TumblrViewer.app */ = {isa = PBXFileReference; explicitFileType = wrapper.application; includeInIndex = 0; path = TumblrViewer.app; sourceTree = BUILT_PRODUCTS_DIR; };
		A9B5CB61224BBCFD00B2FAFD /* Assets.xcassets */ = {isa = PBXFileReference; lastKnownFileType = folder.assetcatalog; path = Assets.xcassets; sourceTree = "<group>"; };
		A9B5CB64224BBCFD00B2FAFD /* Base */ = {isa = PBXFileReference; lastKnownFileType = file.storyboard; name = Base; path = Base.lproj/LaunchScreen.storyboard; sourceTree = "<group>"; };
		A9B5CB66224BBCFD00B2FAFD /* Info.plist */ = {isa = PBXFileReference; lastKnownFileType = text.plist.xml; path = Info.plist; sourceTree = "<group>"; };
		A9B5CB67224BBCFD00B2FAFD /* main.m */ = {isa = PBXFileReference; lastKnownFileType = sourcecode.c.objc; path = main.m; sourceTree = "<group>"; };
		A9B5CB6D224BBCFD00B2FAFD /* TumblrViewerTests.xctest */ = {isa = PBXFileReference; explicitFileType = wrapper.cfbundle; includeInIndex = 0; path = TumblrViewerTests.xctest; sourceTree = BUILT_PRODUCTS_DIR; };
		A9B5CB71224BBCFD00B2FAFD /* TumblrViewerTests.m */ = {isa = PBXFileReference; lastKnownFileType = sourcecode.c.objc; path = TumblrViewerTests.m; sourceTree = "<group>"; };
		A9B5CB73224BBCFD00B2FAFD /* Info.plist */ = {isa = PBXFileReference; lastKnownFileType = text.plist.xml; path = Info.plist; sourceTree = "<group>"; };
		A9B5CB78224BBCFD00B2FAFD /* TumblrViewerUITests.xctest */ = {isa = PBXFileReference; explicitFileType = wrapper.cfbundle; includeInIndex = 0; path = TumblrViewerUITests.xctest; sourceTree = BUILT_PRODUCTS_DIR; };
		A9B5CB7C224BBCFD00B2FAFD /* TumblrViewerUITests.m */ = {isa = PBXFileReference; lastKnownFileType = sourcecode.c.objc; path = TumblrViewerUITests.m; sourceTree = "<group>"; };
		A9B5CB7E224BBCFD00B2FAFD /* Info.plist */ = {isa = PBXFileReference; lastKnownFileType = text.plist.xml; path = Info.plist; sourceTree = "<group>"; };
		A9B5CB9A224BC08800B2FAFD /* BTMainTabViewController.h */ = {isa = PBXFileReference; lastKnownFileType = sourcecode.c.h; path = BTMainTabViewController.h; sourceTree = "<group>"; };
		A9B5CB9B224BC08800B2FAFD /* BTMainTabViewController.m */ = {isa = PBXFileReference; lastKnownFileType = sourcecode.c.objc; path = BTMainTabViewController.m; sourceTree = "<group>"; };
		A9B5CB9F224BC0C400B2FAFD /* LoginViewController.h */ = {isa = PBXFileReference; lastKnownFileType = sourcecode.c.h; path = LoginViewController.h; sourceTree = "<group>"; };
		A9B5CBA0224BC0C400B2FAFD /* LoginViewController.m */ = {isa = PBXFileReference; lastKnownFileType = sourcecode.c.objc; path = LoginViewController.m; sourceTree = "<group>"; };
		A9B5CBA3224BC10000B2FAFD /* BTMainAppDelegate.h */ = {isa = PBXFileReference; lastKnownFileType = sourcecode.c.h; path = BTMainAppDelegate.h; sourceTree = "<group>"; };
		A9B5CBA4224BC10000B2FAFD /* BTMainAppDelegate.m */ = {isa = PBXFileReference; lastKnownFileType = sourcecode.c.objc; path = BTMainAppDelegate.m; sourceTree = "<group>"; };
		A9B5CBA6224C8F3700B2FAFD /* CommonConstants.h */ = {isa = PBXFileReference; lastKnownFileType = sourcecode.c.h; path = CommonConstants.h; sourceTree = "<group>"; };
		A9CEEC3A22A82F3B0079B88C /* htmlHeader.html */ = {isa = PBXFileReference; lastKnownFileType = text.html; path = htmlHeader.html; sourceTree = "<group>"; };
		A9CEEC3D22AEA59B0079B88C /* settings-1.png */ = {isa = PBXFileReference; lastKnownFileType = image.png; path = "settings-1.png"; sourceTree = "<group>"; };
		A9CEEC3E22AEA59B0079B88C /* headphones.png */ = {isa = PBXFileReference; lastKnownFileType = image.png; path = headphones.png; sourceTree = "<group>"; };
		A9CEEC3F22AEA59B0079B88C /* pie-chart.png */ = {isa = PBXFileReference; lastKnownFileType = image.png; path = "pie-chart.png"; sourceTree = "<group>"; };
		A9CEEC4022AEA59B0079B88C /* upload-1.png */ = {isa = PBXFileReference; lastKnownFileType = image.png; path = "upload-1.png"; sourceTree = "<group>"; };
		A9CEEC4122AEA59B0079B88C /* book.png */ = {isa = PBXFileReference; lastKnownFileType = image.png; path = book.png; sourceTree = "<group>"; };
		A9CEEC4222AEA59B0079B88C /* musical-note.png */ = {isa = PBXFileReference; lastKnownFileType = image.png; path = "musical-note.png"; sourceTree = "<group>"; };
		A9CEEC4322AEA59B0079B88C /* download.png */ = {isa = PBXFileReference; lastKnownFileType = image.png; path = download.png; sourceTree = "<group>"; };
		A9CEEC4422AEA59B0079B88C /* envelope.png */ = {isa = PBXFileReference; lastKnownFileType = image.png; path = envelope.png; sourceTree = "<group>"; };
		A9CEEC4522AEA59B0079B88C /* settings.png */ = {isa = PBXFileReference; lastKnownFileType = image.png; path = settings.png; sourceTree = "<group>"; };
		A9CEEC4622AEA59B0079B88C /* dislike.png */ = {isa = PBXFileReference; lastKnownFileType = image.png; path = dislike.png; sourceTree = "<group>"; };
		A9CEEC4722AEA59B0079B88C /* link.png */ = {isa = PBXFileReference; lastKnownFileType = image.png; path = link.png; sourceTree = "<group>"; };
		A9CEEC4822AEA59B0079B88C /* shopping-bag.png */ = {isa = PBXFileReference; lastKnownFileType = image.png; path = "shopping-bag.png"; sourceTree = "<group>"; };
		A9CEEC4922AEA59B0079B88C /* piggy-bank.png */ = {isa = PBXFileReference; lastKnownFileType = image.png; path = "piggy-bank.png"; sourceTree = "<group>"; };
		A9CEEC4A22AEA59B0079B88C /* tag.png */ = {isa = PBXFileReference; lastKnownFileType = image.png; path = tag.png; sourceTree = "<group>"; };
		A9CEEC4B22AEA59B0079B88C /* vector.png */ = {isa = PBXFileReference; lastKnownFileType = image.png; path = vector.png; sourceTree = "<group>"; };
		A9CEEC4C22AEA59B0079B88C /* cancel.png */ = {isa = PBXFileReference; lastKnownFileType = image.png; path = cancel.png; sourceTree = "<group>"; };
		A9CEEC4D22AEA59B0079B88C /* logout.png */ = {isa = PBXFileReference; lastKnownFileType = image.png; path = logout.png; sourceTree = "<group>"; };
		A9CEEC4E22AEA59B0079B88C /* avatar-male.png */ = {isa = PBXFileReference; lastKnownFileType = image.png; path = "avatar-male.png"; sourceTree = "<group>"; };
		A9CEEC4F22AEA59B0079B88C /* house.png */ = {isa = PBXFileReference; lastKnownFileType = image.png; path = house.png; sourceTree = "<group>"; };
		A9CEEC5022AEA59B0079B88C /* like.png */ = {isa = PBXFileReference; lastKnownFileType = image.png; path = like.png; sourceTree = "<group>"; };
		A9CEEC5122AEA59B0079B88C /* hand.png */ = {isa = PBXFileReference; lastKnownFileType = image.png; path = hand.png; sourceTree = "<group>"; };
		A9CEEC5222AEA59B0079B88C /* placeholder.png */ = {isa = PBXFileReference; lastKnownFileType = image.png; path = placeholder.png; sourceTree = "<group>"; };
		A9CEEC5322AEA59B0079B88C /* heart.png */ = {isa = PBXFileReference; lastKnownFileType = image.png; path = heart.png; sourceTree = "<group>"; };
		A9CEEC5422AEA59B0079B88C /* chat-2.png */ = {isa = PBXFileReference; lastKnownFileType = image.png; path = "chat-2.png"; sourceTree = "<group>"; };
		A9CEEC5522AEA59B0079B88C /* folder.png */ = {isa = PBXFileReference; lastKnownFileType = image.png; path = folder.png; sourceTree = "<group>"; };
		A9CEEC5622AEA59B0079B88C /* avatar-female.png */ = {isa = PBXFileReference; lastKnownFileType = image.png; path = "avatar-female.png"; sourceTree = "<group>"; };
		A9CEEC5722AEA59B0079B88C /* monitor.png */ = {isa = PBXFileReference; lastKnownFileType = image.png; path = monitor.png; sourceTree = "<group>"; };
		A9CEEC5822AEA59B0079B88C /* garbage.png */ = {isa = PBXFileReference; lastKnownFileType = image.png; path = garbage.png; sourceTree = "<group>"; };
		A9CEEC5922AEA59B0079B88C /* shopping-cart.png */ = {isa = PBXFileReference; lastKnownFileType = image.png; path = "shopping-cart.png"; sourceTree = "<group>"; };
		A9CEEC5A22AEA59B0079B88C /* chat-1.png */ = {isa = PBXFileReference; lastKnownFileType = image.png; path = "chat-1.png"; sourceTree = "<group>"; };
		A9CEEC5B22AEA59B0079B88C /* shuffle.png */ = {isa = PBXFileReference; lastKnownFileType = image.png; path = shuffle.png; sourceTree = "<group>"; };
		A9CEEC5C22AEA59B0079B88C /* upload.png */ = {isa = PBXFileReference; lastKnownFileType = image.png; path = upload.png; sourceTree = "<group>"; };
		A9CEEC5D22AEA59B0079B88C /* magnifying-glass.png */ = {isa = PBXFileReference; lastKnownFileType = image.png; path = "magnifying-glass.png"; sourceTree = "<group>"; };
		A9CEEC5E22AEA59B0079B88C /* next-1.png */ = {isa = PBXFileReference; lastKnownFileType = image.png; path = "next-1.png"; sourceTree = "<group>"; };
		A9CEEC5F22AEA59B0079B88C /* share.png */ = {isa = PBXFileReference; lastKnownFileType = image.png; path = share.png; sourceTree = "<group>"; };
		A9CEEC6022AEA59B0079B88C /* edit.png */ = {isa = PBXFileReference; lastKnownFileType = image.png; path = edit.png; sourceTree = "<group>"; };
		A9CEEC6222AEA59B0079B88C /* star.png */ = {isa = PBXFileReference; lastKnownFileType = image.png; path = star.png; sourceTree = "<group>"; };
		A9CEEC6322AEA59B0079B88C /* photo-camera.png */ = {isa = PBXFileReference; lastKnownFileType = image.png; path = "photo-camera.png"; sourceTree = "<group>"; };
		A9CEEC6422AEA59B0079B88C /* download-1.png */ = {isa = PBXFileReference; lastKnownFileType = image.png; path = "download-1.png"; sourceTree = "<group>"; };
		A9CEEC6522AEA59B0079B88C /* speaker.png */ = {isa = PBXFileReference; lastKnownFileType = image.png; path = speaker.png; sourceTree = "<group>"; };
		A9CEEC6622AEA59B0079B88C /* phone-call.png */ = {isa = PBXFileReference; lastKnownFileType = image.png; path = "phone-call.png"; sourceTree = "<group>"; };
		A9CEEC6722AEA59B0079B88C /* printer.png */ = {isa = PBXFileReference; lastKnownFileType = image.png; path = printer.png; sourceTree = "<group>"; };
		A9CEEC6822AEA59B0079B88C /* chat.png */ = {isa = PBXFileReference; lastKnownFileType = image.png; path = chat.png; sourceTree = "<group>"; };
		A9CEEC6922AEA59B0079B88C /* paper-plane.png */ = {isa = PBXFileReference; lastKnownFileType = image.png; path = "paper-plane.png"; sourceTree = "<group>"; };
		A9CEEC6A22AEA59B0079B88C /* back.png */ = {isa = PBXFileReference; lastKnownFileType = image.png; path = back.png; sourceTree = "<group>"; };
		A9CEEC6B22AEA59B0079B88C /* reload.png */ = {isa = PBXFileReference; lastKnownFileType = image.png; path = reload.png; sourceTree = "<group>"; };
		A9CEEC6C22AEA59B0079B88C /* copy.png */ = {isa = PBXFileReference; lastKnownFileType = image.png; path = copy.png; sourceTree = "<group>"; };
		A9CEEC6D22AEA59B0079B88C /* padlock.png */ = {isa = PBXFileReference; lastKnownFileType = image.png; path = padlock.png; sourceTree = "<group>"; };
		A9CEEC6E22AEA59B0079B88C /* glasses.png */ = {isa = PBXFileReference; lastKnownFileType = image.png; path = glasses.png; sourceTree = "<group>"; };
		A9CEECA122AEA5E40079B88C /* forward.png */ = {isa = PBXFileReference; lastKnownFileType = image.png; path = forward.png; sourceTree = "<group>"; };
		A9CEECA322AEB0540079B88C /* BTPostDetailViewController.h */ = {isa = PBXFileReference; lastKnownFileType = sourcecode.c.h; path = BTPostDetailViewController.h; sourceTree = "<group>"; };
		A9CEECA422AEB0540079B88C /* BTPostDetailViewController.m */ = {isa = PBXFileReference; lastKnownFileType = sourcecode.c.objc; path = BTPostDetailViewController.m; sourceTree = "<group>"; };
		A9CEECA922AEC4180079B88C /* BTToastWindow.h */ = {isa = PBXFileReference; fileEncoding = 4; lastKnownFileType = sourcecode.c.h; path = BTToastWindow.h; sourceTree = "<group>"; };
		A9CEECAA22AEC4180079B88C /* BTToastManager.m */ = {isa = PBXFileReference; fileEncoding = 4; lastKnownFileType = sourcecode.c.objc; path = BTToastManager.m; sourceTree = "<group>"; };
		A9CEECAB22AEC4180079B88C /* BTToastInfo.m */ = {isa = PBXFileReference; fileEncoding = 4; lastKnownFileType = sourcecode.c.objc; path = BTToastInfo.m; sourceTree = "<group>"; };
		A9CEECAC22AEC4180079B88C /* BTToastViewControllerContainerView.h */ = {isa = PBXFileReference; fileEncoding = 4; lastKnownFileType = sourcecode.c.h; path = BTToastViewControllerContainerView.h; sourceTree = "<group>"; };
		A9CEECAD22AEC4180079B88C /* BTToastViewController.h */ = {isa = PBXFileReference; fileEncoding = 4; lastKnownFileType = sourcecode.c.h; path = BTToastViewController.h; sourceTree = "<group>"; };
		A9CEECAE22AEC4180079B88C /* BTToastView.h */ = {isa = PBXFileReference; fileEncoding = 4; lastKnownFileType = sourcecode.c.h; path = BTToastView.h; sourceTree = "<group>"; };
		A9CEECAF22AEC4180079B88C /* BRToastWindow.m */ = {isa = PBXFileReference; fileEncoding = 4; lastKnownFileType = sourcecode.c.objc; path = BRToastWindow.m; sourceTree = "<group>"; };
		A9CEECB022AEC4180079B88C /* BTToastViewController.m */ = {isa = PBXFileReference; fileEncoding = 4; lastKnownFileType = sourcecode.c.objc; path = BTToastViewController.m; sourceTree = "<group>"; };
		A9CEECB122AEC4180079B88C /* BTToastViewControllerContainerView.m */ = {isa = PBXFileReference; fileEncoding = 4; lastKnownFileType = sourcecode.c.objc; path = BTToastViewControllerContainerView.m; sourceTree = "<group>"; };
		A9CEECB222AEC4180079B88C /* BTToastInfo.h */ = {isa = PBXFileReference; fileEncoding = 4; lastKnownFileType = sourcecode.c.h; path = BTToastInfo.h; sourceTree = "<group>"; };
		A9CEECB322AEC4180079B88C /* BTToastManager.h */ = {isa = PBXFileReference; fileEncoding = 4; lastKnownFileType = sourcecode.c.h; path = BTToastManager.h; sourceTree = "<group>"; };
		A9CEECB422AEC4180079B88C /* BTToastView.m */ = {isa = PBXFileReference; fileEncoding = 4; lastKnownFileType = sourcecode.c.objc; path = BTToastView.m; sourceTree = "<group>"; };
		A9CFF34922A2680900D424C0 /* icon1024.png */ = {isa = PBXFileReference; lastKnownFileType = image.png; path = icon1024.png; sourceTree = "<group>"; };
		A9D19FD5224DDB350043CFBE /* BTUtils.h */ = {isa = PBXFileReference; lastKnownFileType = sourcecode.c.h; path = BTUtils.h; sourceTree = "<group>"; };
		A9D19FD6224DDB350043CFBE /* BTUtils.m */ = {isa = PBXFileReference; lastKnownFileType = sourcecode.c.objc; path = BTUtils.m; sourceTree = "<group>"; };
		A9D19FDA224DEC860043CFBE /* BT_Prefix.pch */ = {isa = PBXFileReference; lastKnownFileType = sourcecode.c.h; path = BT_Prefix.pch; sourceTree = "<group>"; };
		A9D19FDD224E2BE30043CFBE /* Storyboard.storyboard */ = {isa = PBXFileReference; lastKnownFileType = file.storyboard; path = Storyboard.storyboard; sourceTree = "<group>"; };
		A9D19FF02250CF370043CFBE /* BTDashboardCollectionCell.h */ = {isa = PBXFileReference; lastKnownFileType = sourcecode.c.h; path = BTDashboardCollectionCell.h; sourceTree = "<group>"; };
		A9D19FF12250CF370043CFBE /* BTDashboardCollectionCell.m */ = {isa = PBXFileReference; lastKnownFileType = sourcecode.c.objc; path = BTDashboardCollectionCell.m; sourceTree = "<group>"; };
		A9D19FF42250EEE60043CFBE /* HTMLParser.h */ = {isa = PBXFileReference; fileEncoding = 4; lastKnownFileType = sourcecode.c.h; path = HTMLParser.h; sourceTree = "<group>"; };
		A9D19FF62250EEE60043CFBE /* HTMLParser.m */ = {isa = PBXFileReference; fileEncoding = 4; lastKnownFileType = sourcecode.c.objc; path = HTMLParser.m; sourceTree = "<group>"; };
		A9D19FF72250EEE70043CFBE /* HTMLNode.h */ = {isa = PBXFileReference; fileEncoding = 4; lastKnownFileType = sourcecode.c.h; path = HTMLNode.h; sourceTree = "<group>"; };
		A9D19FF82250EEE70043CFBE /* HTMLNode.m */ = {isa = PBXFileReference; fileEncoding = 4; lastKnownFileType = sourcecode.c.objc; path = HTMLNode.m; sourceTree = "<group>"; };
		A9D19FFB2250EF2A0043CFBE /* libxml2.tbd */ = {isa = PBXFileReference; lastKnownFileType = "sourcecode.text-based-dylib-definition"; name = libxml2.tbd; path = usr/lib/libxml2.tbd; sourceTree = SDKROOT; };
		A9FAB6D022A2865000BEDACF /* BTBaseViewController.h */ = {isa = PBXFileReference; lastKnownFileType = sourcecode.c.h; path = BTBaseViewController.h; sourceTree = "<group>"; };
		A9FAB6D122A2865000BEDACF /* BTBaseViewController.m */ = {isa = PBXFileReference; lastKnownFileType = sourcecode.c.objc; path = BTBaseViewController.m; sourceTree = "<group>"; };
		C33843F522C1262E00BB71F0 /* avatar@3x.png */ = {isa = PBXFileReference; lastKnownFileType = image.png; path = "avatar@3x.png"; sourceTree = "<group>"; };
		C33843FF22C66CF400BB71F0 /* en */ = {isa = PBXFileReference; lastKnownFileType = text.plist.strings; name = en; path = en.lproj/Localizable.strings; sourceTree = "<group>"; };
		C338441322C6823E00BB71F0 /* zh-Hans */ = {isa = PBXFileReference; lastKnownFileType = text.plist.strings; name = "zh-Hans"; path = "zh-Hans.lproj/LaunchScreen.strings"; sourceTree = "<group>"; };
		C338441422C6825200BB71F0 /* zh-Hans */ = {isa = PBXFileReference; lastKnownFileType = text.plist.strings; name = "zh-Hans"; path = "zh-Hans.lproj/Localizable.strings"; sourceTree = "<group>"; };
		C3478ECC22BF17CC009A5416 /* XWSLeftView.m */ = {isa = PBXFileReference; fileEncoding = 4; lastKnownFileType = sourcecode.c.objc; path = XWSLeftView.m; sourceTree = "<group>"; };
		C3478ECD22BF17CC009A5416 /* XWSLeftView.h */ = {isa = PBXFileReference; fileEncoding = 4; lastKnownFileType = sourcecode.c.h; path = XWSLeftView.h; sourceTree = "<group>"; };
		C355BD22229940D200A12C41 /* BTVideoPlayViewController.h */ = {isa = PBXFileReference; lastKnownFileType = sourcecode.c.h; path = BTVideoPlayViewController.h; sourceTree = "<group>"; };
		C355BD23229940D200A12C41 /* BTVideoPlayViewController.m */ = {isa = PBXFileReference; lastKnownFileType = sourcecode.c.objc; path = BTVideoPlayViewController.m; sourceTree = "<group>"; };
		C355BD262299443500A12C41 /* PostsDataModel.h */ = {isa = PBXFileReference; lastKnownFileType = sourcecode.c.h; path = PostsDataModel.h; sourceTree = "<group>"; };
		C355BD272299443500A12C41 /* PostsDataModel.m */ = {isa = PBXFileReference; lastKnownFileType = sourcecode.c.objc; path = PostsDataModel.m; sourceTree = "<group>"; };
		C3E5C37D22AB9FF9004C68FC /* BTURLCacheProtocol.h */ = {isa = PBXFileReference; lastKnownFileType = sourcecode.c.h; path = BTURLCacheProtocol.h; sourceTree = "<group>"; };
		C3E5C37E22AB9FF9004C68FC /* BTURLCacheProtocol.m */ = {isa = PBXFileReference; lastKnownFileType = sourcecode.c.objc; path = BTURLCacheProtocol.m; sourceTree = "<group>"; };
		C3E5C38022ABA104004C68FC /* BTWebview.h */ = {isa = PBXFileReference; lastKnownFileType = sourcecode.c.h; path = BTWebview.h; sourceTree = "<group>"; };
		C3E5C38122ABA104004C68FC /* BTWebview.m */ = {isa = PBXFileReference; lastKnownFileType = sourcecode.c.objc; path = BTWebview.m; sourceTree = "<group>"; };
		C3E5C38522ABAD48004C68FC /* NSData+Base64.m */ = {isa = PBXFileReference; fileEncoding = 4; lastKnownFileType = sourcecode.c.objc; path = "NSData+Base64.m"; sourceTree = "<group>"; };
		C3E5C38622ABAD48004C68FC /* NSData+Base64.h */ = {isa = PBXFileReference; fileEncoding = 4; lastKnownFileType = sourcecode.c.h; path = "NSData+Base64.h"; sourceTree = "<group>"; };
		C3E5C38822ACDE17004C68FC /* BTUserInfo.h */ = {isa = PBXFileReference; lastKnownFileType = sourcecode.c.h; path = BTUserInfo.h; sourceTree = "<group>"; };
		C3E5C38922ACDE17004C68FC /* BTUserInfo.m */ = {isa = PBXFileReference; lastKnownFileType = sourcecode.c.objc; path = BTUserInfo.m; sourceTree = "<group>"; };
		D0F1CE533C97F2DF70DA0A0E /* libPods-TumblrViewerUITests.a */ = {isa = PBXFileReference; explicitFileType = archive.ar; includeInIndex = 0; path = "libPods-TumblrViewerUITests.a"; sourceTree = BUILT_PRODUCTS_DIR; };
		ED1157BE6975B9C01C6D7BFD /* libPods-TumblrViewerTests.a */ = {isa = PBXFileReference; explicitFileType = archive.ar; includeInIndex = 0; path = "libPods-TumblrViewerTests.a"; sourceTree = BUILT_PRODUCTS_DIR; };
/* End PBXFileReference section */

/* Begin PBXFrameworksBuildPhase section */
		A9B5CB52224BBCFC00B2FAFD /* Frameworks */ = {
			isa = PBXFrameworksBuildPhase;
			buildActionMask = 2147483647;
			files = (
				A9D19FFC2250EF2A0043CFBE /* libxml2.tbd in Frameworks */,
				A99CC704224CCC03007B22C9 /* MobileCoreServices.framework in Frameworks */,
				A99CC702224CCBFB007B22C9 /* SystemConfiguration.framework in Frameworks */,
				05984714FDD350053D3AF23A /* libPods-TumblrViewer.a in Frameworks */,
			);
			runOnlyForDeploymentPostprocessing = 0;
		};
		A9B5CB6A224BBCFD00B2FAFD /* Frameworks */ = {
			isa = PBXFrameworksBuildPhase;
			buildActionMask = 2147483647;
			files = (
				12E573343849C6A82D328A2D /* libPods-TumblrViewerTests.a in Frameworks */,
			);
			runOnlyForDeploymentPostprocessing = 0;
		};
		A9B5CB75224BBCFD00B2FAFD /* Frameworks */ = {
			isa = PBXFrameworksBuildPhase;
			buildActionMask = 2147483647;
			files = (
				A8BA40DC700BE4B569F57F36 /* libPods-TumblrViewerUITests.a in Frameworks */,
			);
			runOnlyForDeploymentPostprocessing = 0;
		};
/* End PBXFrameworksBuildPhase section */

/* Begin PBXGroup section */
		786FEF92F5EE3747AD55A8CC /* Pods */ = {
			isa = PBXGroup;
			children = (
				191250296FFDBABB56972FF6 /* Pods-TumblrViewer.debug.xcconfig */,
				9D05C14839BA85A336FB3FDB /* Pods-TumblrViewer.release.xcconfig */,
				41CB0DE5EEEB8BA4C16CE2E1 /* Pods-TumblrViewerTests.debug.xcconfig */,
				7336DB1B74460751D268CE01 /* Pods-TumblrViewerTests.release.xcconfig */,
				8327337146CB205614B98DB0 /* Pods-TumblrViewerUITests.debug.xcconfig */,
				654A5C53EE79B669EFB9727F /* Pods-TumblrViewerUITests.release.xcconfig */,
			);
			path = Pods;
			sourceTree = "<group>";
		};
		A83DC25E0F6BF7A88174263D /* Frameworks */ = {
			isa = PBXGroup;
			children = (
				A9D19FFB2250EF2A0043CFBE /* libxml2.tbd */,
				A99CC703224CCC03007B22C9 /* MobileCoreServices.framework */,
				A99CC701224CCBFB007B22C9 /* SystemConfiguration.framework */,
				A007F1D8F2C5BB62DE2511B0 /* libPods-TumblrViewer.a */,
				ED1157BE6975B9C01C6D7BFD /* libPods-TumblrViewerTests.a */,
				D0F1CE533C97F2DF70DA0A0E /* libPods-TumblrViewerUITests.a */,
			);
			name = Frameworks;
			sourceTree = "<group>";
		};
		A923A75322B4D9E3002340B5 /* CollectionLayout */ = {
			isa = PBXGroup;
			children = (
				A923A75422B4DA08002340B5 /* BTCollectionViewWaterfallLayout.h */,
				A923A75522B4DA08002340B5 /* BTCollectionViewWaterfallLayout.m */,
			);
			path = CollectionLayout;
			sourceTree = "<group>";
		};
		A99CC6F9224CC5FE007B22C9 /* Business */ = {
			isa = PBXGroup;
			children = (
				C3E5C37C22AB9FE4004C68FC /* Util */,
				C355BD252299441A00A12C41 /* LogicCenter */,
				A9D19FE62250C59C0043CFBE /* Model */,
				A99CC700224CC915007B22C9 /* APIAccess */,
			);
			path = Business;
			sourceTree = "<group>";
		};
		A99CC700224CC915007B22C9 /* APIAccess */ = {
			isa = PBXGroup;
			children = (
				A99CC708224CCCF6007B22C9 /* APIAccessHelper.h */,
				A99CC707224CCCF6007B22C9 /* APIAccessHelper.m */,
			);
			path = APIAccess;
			sourceTree = "<group>";
		};
		A9B5CB4C224BBCFC00B2FAFD = {
			isa = PBXGroup;
			children = (
				A9B5CB57224BBCFC00B2FAFD /* TumblrViewer */,
				A9B5CB70224BBCFD00B2FAFD /* TumblrViewerTests */,
				A9B5CB7B224BBCFD00B2FAFD /* TumblrViewerUITests */,
				A9B5CB56224BBCFC00B2FAFD /* Products */,
				786FEF92F5EE3747AD55A8CC /* Pods */,
				A83DC25E0F6BF7A88174263D /* Frameworks */,
			);
			sourceTree = "<group>";
		};
		A9B5CB56224BBCFC00B2FAFD /* Products */ = {
			isa = PBXGroup;
			children = (
				A9B5CB55224BBCFC00B2FAFD /* TumblrViewer.app */,
				A9B5CB6D224BBCFD00B2FAFD /* TumblrViewerTests.xctest */,
				A9B5CB78224BBCFD00B2FAFD /* TumblrViewerUITests.xctest */,
			);
			name = Products;
			sourceTree = "<group>";
		};
		A9B5CB57224BBCFC00B2FAFD /* TumblrViewer */ = {
			isa = PBXGroup;
			children = (
				A9D19FD4224DDB170043CFBE /* Component */,
				A99CC6F9224CC5FE007B22C9 /* Business */,
				A9B5CBA2224BC0E900B2FAFD /* Common */,
				A9B5CB99224BBFF400B2FAFD /* UI */,
				A9B5CB61224BBCFD00B2FAFD /* Assets.xcassets */,
				A9B5CB63224BBCFD00B2FAFD /* LaunchScreen.storyboard */,
				A9D19FDD224E2BE30043CFBE /* Storyboard.storyboard */,
				A9B5CB66224BBCFD00B2FAFD /* Info.plist */,
				A9D19FDA224DEC860043CFBE /* BT_Prefix.pch */,
				A9B5CB67224BBCFD00B2FAFD /* main.m */,
				A9CFF2D3229D8B6E00D424C0 /* ThirdParty */,
				A9D19FFD2252086F0043CFBE /* Resource */,
			);
			path = TumblrViewer;
			sourceTree = "<group>";
		};
		A9B5CB70224BBCFD00B2FAFD /* TumblrViewerTests */ = {
			isa = PBXGroup;
			children = (
				A9B5CB71224BBCFD00B2FAFD /* TumblrViewerTests.m */,
				A9B5CB73224BBCFD00B2FAFD /* Info.plist */,
			);
			path = TumblrViewerTests;
			sourceTree = "<group>";
		};
		A9B5CB7B224BBCFD00B2FAFD /* TumblrViewerUITests */ = {
			isa = PBXGroup;
			children = (
				A9B5CB7C224BBCFD00B2FAFD /* TumblrViewerUITests.m */,
				A9B5CB7E224BBCFD00B2FAFD /* Info.plist */,
			);
			path = TumblrViewerUITests;
			sourceTree = "<group>";
		};
		A9B5CB99224BBFF400B2FAFD /* UI */ = {
			isa = PBXGroup;
			children = (
				A9D19FE22250BF760043CFBE /* View */,
				A9B5CB9E224BC09900B2FAFD /* Feature */,
				A9B5CB9D224BC09100B2FAFD /* Main */,
			);
			path = UI;
			sourceTree = "<group>";
		};
		A9B5CB9D224BC09100B2FAFD /* Main */ = {
			isa = PBXGroup;
			children = (
				A9B5CB9A224BC08800B2FAFD /* BTMainTabViewController.h */,
				A9B5CB9B224BC08800B2FAFD /* BTMainTabViewController.m */,
				A960E6ED224CBFF7007A9F2E /* BTRootViewController.h */,
				A960E6EE224CBFF7007A9F2E /* BTRootViewController.m */,
			);
			path = Main;
			sourceTree = "<group>";
		};
		A9B5CB9E224BC09900B2FAFD /* Feature */ = {
			isa = PBXGroup;
			children = (
				A9B5CB9F224BC0C400B2FAFD /* LoginViewController.h */,
				A9B5CBA0224BC0C400B2FAFD /* LoginViewController.m */,
				A9B40EE92295924A006A3762 /* BTPostGallaryViewController.h */,
				A9B40EEA2295924A006A3762 /* BTPostGallaryViewController.m */,
				A9CEECA322AEB0540079B88C /* BTPostDetailViewController.h */,
				A9CEECA422AEB0540079B88C /* BTPostDetailViewController.m */,
				C355BD22229940D200A12C41 /* BTVideoPlayViewController.h */,
				C355BD23229940D200A12C41 /* BTVideoPlayViewController.m */,
				A923A75F22B7E639002340B5 /* BTPostListViewController.h */,
				A923A76022B7E639002340B5 /* BTPostListViewController.m */,
			);
			path = Feature;
			sourceTree = "<group>";
		};
		A9B5CBA2224BC0E900B2FAFD /* Common */ = {
			isa = PBXGroup;
			children = (
				A9B5CBA3224BC10000B2FAFD /* BTMainAppDelegate.h */,
				A9B5CBA4224BC10000B2FAFD /* BTMainAppDelegate.m */,
				A9B5CBA6224C8F3700B2FAFD /* CommonConstants.h */,
				A9FAB6D022A2865000BEDACF /* BTBaseViewController.h */,
				A9FAB6D122A2865000BEDACF /* BTBaseViewController.m */,
			);
			path = Common;
			sourceTree = "<group>";
		};
		A9CEEC3C22AEA59B0079B88C /* png */ = {
			isa = PBXGroup;
			children = (
				C33843F522C1262E00BB71F0 /* avatar@3x.png */,
				A9CEEC3D22AEA59B0079B88C /* settings-1.png */,
				A9CEEC3E22AEA59B0079B88C /* headphones.png */,
				A9CEEC3F22AEA59B0079B88C /* pie-chart.png */,
				A9CEEC4022AEA59B0079B88C /* upload-1.png */,
				A9CEEC4122AEA59B0079B88C /* book.png */,
				A9CEEC4222AEA59B0079B88C /* musical-note.png */,
				A9CEEC4322AEA59B0079B88C /* download.png */,
				A9CEEC4422AEA59B0079B88C /* envelope.png */,
				A9CEEC4522AEA59B0079B88C /* settings.png */,
				A9CEEC4622AEA59B0079B88C /* dislike.png */,
				A9CEEC4722AEA59B0079B88C /* link.png */,
				A9CEEC4822AEA59B0079B88C /* shopping-bag.png */,
				A9CEEC4922AEA59B0079B88C /* piggy-bank.png */,
				A9CEEC4A22AEA59B0079B88C /* tag.png */,
				A9CEEC4B22AEA59B0079B88C /* vector.png */,
				A9CEEC4C22AEA59B0079B88C /* cancel.png */,
				A9CEEC4D22AEA59B0079B88C /* logout.png */,
				A9CEEC4E22AEA59B0079B88C /* avatar-male.png */,
				A9CEEC4F22AEA59B0079B88C /* house.png */,
				A9CEEC5022AEA59B0079B88C /* like.png */,
				A9CEEC5122AEA59B0079B88C /* hand.png */,
				A9CEEC5222AEA59B0079B88C /* placeholder.png */,
				A9CEEC5322AEA59B0079B88C /* heart.png */,
				A9CEEC5422AEA59B0079B88C /* chat-2.png */,
				A9CEEC5522AEA59B0079B88C /* folder.png */,
				A9CEEC5622AEA59B0079B88C /* avatar-female.png */,
				A9CEEC5722AEA59B0079B88C /* monitor.png */,
				A9CEEC5822AEA59B0079B88C /* garbage.png */,
				A9CEEC5922AEA59B0079B88C /* shopping-cart.png */,
				A9CEEC5A22AEA59B0079B88C /* chat-1.png */,
				A9CEEC5B22AEA59B0079B88C /* shuffle.png */,
				A9CEEC5C22AEA59B0079B88C /* upload.png */,
				A9CEEC5D22AEA59B0079B88C /* magnifying-glass.png */,
				A9CEEC5E22AEA59B0079B88C /* next-1.png */,
				A9CEECA122AEA5E40079B88C /* forward.png */,
				A9CEEC5F22AEA59B0079B88C /* share.png */,
				A9CEEC6022AEA59B0079B88C /* edit.png */,
				A9CEEC6222AEA59B0079B88C /* star.png */,
				A9CEEC6322AEA59B0079B88C /* photo-camera.png */,
				A9CEEC6422AEA59B0079B88C /* download-1.png */,
				A9CEEC6522AEA59B0079B88C /* speaker.png */,
				A9CEEC6622AEA59B0079B88C /* phone-call.png */,
				A9CEEC6722AEA59B0079B88C /* printer.png */,
				A9CEEC6822AEA59B0079B88C /* chat.png */,
				A9CEEC6922AEA59B0079B88C /* paper-plane.png */,
				A9CEEC6A22AEA59B0079B88C /* back.png */,
				A9CEEC6B22AEA59B0079B88C /* reload.png */,
				A9CEEC6C22AEA59B0079B88C /* copy.png */,
				A9CEEC6D22AEA59B0079B88C /* padlock.png */,
				A9CEEC6E22AEA59B0079B88C /* glasses.png */,
			);
			path = png;
			sourceTree = "<group>";
		};
		A9CEECA822AEC4180079B88C /* Toast */ = {
			isa = PBXGroup;
			children = (
				A9CEECA922AEC4180079B88C /* BTToastWindow.h */,
				A9CEECAF22AEC4180079B88C /* BRToastWindow.m */,
				A9CEECB322AEC4180079B88C /* BTToastManager.h */,
				A9CEECAA22AEC4180079B88C /* BTToastManager.m */,
				A9CEECAD22AEC4180079B88C /* BTToastViewController.h */,
				A9CEECB022AEC4180079B88C /* BTToastViewController.m */,
				A9CEECAE22AEC4180079B88C /* BTToastView.h */,
				A9CEECAB22AEC4180079B88C /* BTToastInfo.m */,
				A9CEECAC22AEC4180079B88C /* BTToastViewControllerContainerView.h */,
				A9CEECB122AEC4180079B88C /* BTToastViewControllerContainerView.m */,
				A9CEECB222AEC4180079B88C /* BTToastInfo.h */,
				A9CEECB422AEC4180079B88C /* BTToastView.m */,
			);
			path = Toast;
			sourceTree = "<group>";
		};
		A9CFF2D3229D8B6E00D424C0 /* ThirdParty */ = {
			isa = PBXGroup;
			children = (
			);
			path = ThirdParty;
			sourceTree = "<group>";
		};
		A9CFF34722A2680900D424C0 /* icon */ = {
			isa = PBXGroup;
			children = (
				A9CFF34922A2680900D424C0 /* icon1024.png */,
			);
			path = icon;
			sourceTree = "<group>";
		};
		A9D19FD4224DDB170043CFBE /* Component */ = {
			isa = PBXGroup;
			children = (
				C3478ECB22BF17C1009A5416 /* LeftMenuView */,
				A923A75322B4D9E3002340B5 /* CollectionLayout */,
				A9CEECA822AEC4180079B88C /* Toast */,
				A9D19FF32250EEDA0043CFBE /* HTMLParser */,
				A9D19FD5224DDB350043CFBE /* BTUtils.h */,
				A9D19FD6224DDB350043CFBE /* BTUtils.m */,
				A923A75922B4FF56002340B5 /* UIImage+AddCorner.h */,
				A923A75A22B4FF56002340B5 /* UIImage+AddCorner.m */,
			);
			path = Component;
			sourceTree = "<group>";
		};
		A9D19FE22250BF760043CFBE /* View */ = {
			isa = PBXGroup;
			children = (
				A9D19FF02250CF370043CFBE /* BTDashboardCollectionCell.h */,
				A9D19FF12250CF370043CFBE /* BTDashboardCollectionCell.m */,
				C3E5C38022ABA104004C68FC /* BTWebview.h */,
				C3E5C38122ABA104004C68FC /* BTWebview.m */,
			);
			path = View;
			sourceTree = "<group>";
		};
		A9D19FE62250C59C0043CFBE /* Model */ = {
			isa = PBXGroup;
			children = (
				A9B35CE02281CF380041CE4C /* BTPost.h */,
				A9B35CE12281CF380041CE4C /* BTPost.m */,
				C3E5C38822ACDE17004C68FC /* BTUserInfo.h */,
				C3E5C38922ACDE17004C68FC /* BTUserInfo.m */,
			);
			path = Model;
			sourceTree = "<group>";
		};
		A9D19FF32250EEDA0043CFBE /* HTMLParser */ = {
			isa = PBXGroup;
			children = (
				A9D19FF72250EEE70043CFBE /* HTMLNode.h */,
				A9D19FF82250EEE70043CFBE /* HTMLNode.m */,
				A9D19FF42250EEE60043CFBE /* HTMLParser.h */,
				A9D19FF62250EEE60043CFBE /* HTMLParser.m */,
			);
			path = HTMLParser;
			sourceTree = "<group>";
		};
		A9D19FFD2252086F0043CFBE /* Resource */ = {
			isa = PBXGroup;
			children = (
				A9CEEC3C22AEA59B0079B88C /* png */,
				A9CFF34722A2680900D424C0 /* icon */,
				A9CEEC3A22A82F3B0079B88C /* htmlHeader.html */,
				C338440022C66CF400BB71F0 /* Localizable.strings */,
			);
			path = Resource;
			sourceTree = "<group>";
		};
		C3478ECB22BF17C1009A5416 /* LeftMenuView */ = {
			isa = PBXGroup;
			children = (
				C3478ECD22BF17CC009A5416 /* XWSLeftView.h */,
				C3478ECC22BF17CC009A5416 /* XWSLeftView.m */,
			);
			path = LeftMenuView;
			sourceTree = "<group>";
		};
		C355BD252299441A00A12C41 /* LogicCenter */ = {
			isa = PBXGroup;
			children = (
				C355BD262299443500A12C41 /* PostsDataModel.h */,
				C355BD272299443500A12C41 /* PostsDataModel.m */,
			);
			path = LogicCenter;
			sourceTree = "<group>";
		};
		C3E5C37C22AB9FE4004C68FC /* Util */ = {
			isa = PBXGroup;
			children = (
				C3E5C38622ABAD48004C68FC /* NSData+Base64.h */,
				C3E5C38522ABAD48004C68FC /* NSData+Base64.m */,
				C3E5C37D22AB9FF9004C68FC /* BTURLCacheProtocol.h */,
				C3E5C37E22AB9FF9004C68FC /* BTURLCacheProtocol.m */,
			);
			path = Util;
			sourceTree = "<group>";
		};
/* End PBXGroup section */

/* Begin PBXNativeTarget section */
		A9B5CB54224BBCFC00B2FAFD /* TumblrViewer */ = {
			isa = PBXNativeTarget;
			buildConfigurationList = A9B5CB81224BBCFD00B2FAFD /* Build configuration list for PBXNativeTarget "TumblrViewer" */;
			buildPhases = (
				7F30EB18C726DD9F8A72C26A /* [CP] Check Pods Manifest.lock */,
				A9B5CB51224BBCFC00B2FAFD /* Sources */,
				A9B5CB52224BBCFC00B2FAFD /* Frameworks */,
				A9B5CB53224BBCFC00B2FAFD /* Resources */,
				D193D8FD8DEFD0250370572E /* [CP] Copy Pods Resources */,
			);
			buildRules = (
			);
			dependencies = (
			);
			name = TumblrViewer;
			productName = TumblrViewer;
			productReference = A9B5CB55224BBCFC00B2FAFD /* TumblrViewer.app */;
			productType = "com.apple.product-type.application";
		};
		A9B5CB6C224BBCFD00B2FAFD /* TumblrViewerTests */ = {
			isa = PBXNativeTarget;
			buildConfigurationList = A9B5CB84224BBCFD00B2FAFD /* Build configuration list for PBXNativeTarget "TumblrViewerTests" */;
			buildPhases = (
				F97A08F93EAFD90D16633A68 /* [CP] Check Pods Manifest.lock */,
				A9B5CB69224BBCFD00B2FAFD /* Sources */,
				A9B5CB6A224BBCFD00B2FAFD /* Frameworks */,
				A9B5CB6B224BBCFD00B2FAFD /* Resources */,
			);
			buildRules = (
			);
			dependencies = (
				A9B5CB6F224BBCFD00B2FAFD /* PBXTargetDependency */,
			);
			name = TumblrViewerTests;
			productName = TumblrViewerTests;
			productReference = A9B5CB6D224BBCFD00B2FAFD /* TumblrViewerTests.xctest */;
			productType = "com.apple.product-type.bundle.unit-test";
		};
		A9B5CB77224BBCFD00B2FAFD /* TumblrViewerUITests */ = {
			isa = PBXNativeTarget;
			buildConfigurationList = A9B5CB87224BBCFD00B2FAFD /* Build configuration list for PBXNativeTarget "TumblrViewerUITests" */;
			buildPhases = (
				3BD429B0ABC327F5E70F0F41 /* [CP] Check Pods Manifest.lock */,
				A9B5CB74224BBCFD00B2FAFD /* Sources */,
				A9B5CB75224BBCFD00B2FAFD /* Frameworks */,
				A9B5CB76224BBCFD00B2FAFD /* Resources */,
			);
			buildRules = (
			);
			dependencies = (
				A9B5CB7A224BBCFD00B2FAFD /* PBXTargetDependency */,
			);
			name = TumblrViewerUITests;
			productName = TumblrViewerUITests;
			productReference = A9B5CB78224BBCFD00B2FAFD /* TumblrViewerUITests.xctest */;
			productType = "com.apple.product-type.bundle.ui-testing";
		};
/* End PBXNativeTarget section */

/* Begin PBXProject section */
		A9B5CB4D224BBCFC00B2FAFD /* Project object */ = {
			isa = PBXProject;
			attributes = {
				LastUpgradeCheck = 1020;
				ORGANIZATIONNAME = "jingda yu";
				TargetAttributes = {
					A9B5CB54224BBCFC00B2FAFD = {
						CreatedOnToolsVersion = 10.2;
						SystemCapabilities = {
							com.apple.BackgroundModes = {
								enabled = 0;
							};
						};
					};
					A9B5CB6C224BBCFD00B2FAFD = {
						CreatedOnToolsVersion = 10.2;
						TestTargetID = A9B5CB54224BBCFC00B2FAFD;
					};
					A9B5CB77224BBCFD00B2FAFD = {
						CreatedOnToolsVersion = 10.2;
						TestTargetID = A9B5CB54224BBCFC00B2FAFD;
					};
				};
			};
			buildConfigurationList = A9B5CB50224BBCFC00B2FAFD /* Build configuration list for PBXProject "TumblrViewer" */;
			compatibilityVersion = "Xcode 9.3";
			developmentRegion = en;
			hasScannedForEncodings = 0;
			knownRegions = (
				en,
				Base,
				"zh-Hans",
			);
			mainGroup = A9B5CB4C224BBCFC00B2FAFD;
			productRefGroup = A9B5CB56224BBCFC00B2FAFD /* Products */;
			projectDirPath = "";
			projectRoot = "";
			targets = (
				A9B5CB54224BBCFC00B2FAFD /* TumblrViewer */,
				A9B5CB6C224BBCFD00B2FAFD /* TumblrViewerTests */,
				A9B5CB77224BBCFD00B2FAFD /* TumblrViewerUITests */,
			);
		};
/* End PBXProject section */

/* Begin PBXResourcesBuildPhase section */
		A9B5CB53224BBCFC00B2FAFD /* Resources */ = {
			isa = PBXResourcesBuildPhase;
			buildActionMask = 2147483647;
			files = (
				A9CEEC8E22AEA59B0079B88C /* upload.png in Resources */,
				A9CEEC8C22AEA59B0079B88C /* chat-1.png in Resources */,
				C33843F622C1262F00BB71F0 /* avatar@3x.png in Resources */,
				A9CEEC9C22AEA59B0079B88C /* back.png in Resources */,
				A9CEEC8A22AEA59B0079B88C /* garbage.png in Resources */,
				A9CEEC7022AEA59B0079B88C /* headphones.png in Resources */,
				A9B5CB65224BBCFD00B2FAFD /* LaunchScreen.storyboard in Resources */,
				A9CEEC7A22AEA59B0079B88C /* shopping-bag.png in Resources */,
				A9CEEC9422AEA59B0079B88C /* star.png in Resources */,
				A9CFF35322A2680900D424C0 /* icon1024.png in Resources */,
				A9CEEC9122AEA59B0079B88C /* share.png in Resources */,
				A9CEEC9F22AEA59B0079B88C /* padlock.png in Resources */,
				A9CEEC8522AEA59B0079B88C /* heart.png in Resources */,
				A9CEEC7D22AEA59B0079B88C /* vector.png in Resources */,
				A9CEEC9822AEA59B0079B88C /* phone-call.png in Resources */,
				A9CEEC8922AEA59B0079B88C /* monitor.png in Resources */,
				C33843FE22C66CF400BB71F0 /* Localizable.strings in Resources */,
				A9CEEC6F22AEA59B0079B88C /* settings-1.png in Resources */,
				A9CEEC9022AEA59B0079B88C /* next-1.png in Resources */,
				A9CEEC9B22AEA59B0079B88C /* paper-plane.png in Resources */,
				A9CEEC8222AEA59B0079B88C /* like.png in Resources */,
				A9CEECA022AEA59B0079B88C /* glasses.png in Resources */,
				A9CEEC3B22A82F3B0079B88C /* htmlHeader.html in Resources */,
				A9CEEC8B22AEA59B0079B88C /* shopping-cart.png in Resources */,
				A9CEEC7F22AEA59B0079B88C /* logout.png in Resources */,
				A9CEEC7622AEA59B0079B88C /* envelope.png in Resources */,
				A9CEECA222AEA5E40079B88C /* forward.png in Resources */,
				A9CEEC8D22AEA59B0079B88C /* shuffle.png in Resources */,
				A9CEEC8322AEA59B0079B88C /* hand.png in Resources */,
				A9CEEC7222AEA59B0079B88C /* upload-1.png in Resources */,
				A9CEEC9A22AEA59B0079B88C /* chat.png in Resources */,
				A9CEEC8822AEA59B0079B88C /* avatar-female.png in Resources */,
				A9CEEC7E22AEA59B0079B88C /* cancel.png in Resources */,
				A9CEEC7322AEA59B0079B88C /* book.png in Resources */,
				A9CEEC7722AEA59B0079B88C /* settings.png in Resources */,
				A9CEEC7922AEA59B0079B88C /* link.png in Resources */,
				A9CEEC7122AEA59B0079B88C /* pie-chart.png in Resources */,
				A9CEEC9E22AEA59B0079B88C /* copy.png in Resources */,
				A9CEEC7C22AEA59B0079B88C /* tag.png in Resources */,
				A9CEEC8122AEA59B0079B88C /* house.png in Resources */,
				A9CEEC8F22AEA59B0079B88C /* magnifying-glass.png in Resources */,
				A9CEEC8622AEA59B0079B88C /* chat-2.png in Resources */,
				A9CEEC9922AEA59B0079B88C /* printer.png in Resources */,
				A9CEEC7B22AEA59B0079B88C /* piggy-bank.png in Resources */,
				A9CEEC7422AEA59B0079B88C /* musical-note.png in Resources */,
				A9CEEC9D22AEA59B0079B88C /* reload.png in Resources */,
				A9CEEC9222AEA59B0079B88C /* edit.png in Resources */,
				A9B5CB62224BBCFD00B2FAFD /* Assets.xcassets in Resources */,
				A9CEEC8422AEA59B0079B88C /* placeholder.png in Resources */,
				A9CEEC7822AEA59B0079B88C /* dislike.png in Resources */,
				A9CEEC9522AEA59B0079B88C /* photo-camera.png in Resources */,
				A9D19FDE224E2BE30043CFBE /* Storyboard.storyboard in Resources */,
				A9CEEC9722AEA59B0079B88C /* speaker.png in Resources */,
				A9CEEC8022AEA59B0079B88C /* avatar-male.png in Resources */,
				A9CEEC7522AEA59B0079B88C /* download.png in Resources */,
				A9CEEC8722AEA59B0079B88C /* folder.png in Resources */,
				A9CEEC9622AEA59B0079B88C /* download-1.png in Resources */,
			);
			runOnlyForDeploymentPostprocessing = 0;
		};
		A9B5CB6B224BBCFD00B2FAFD /* Resources */ = {
			isa = PBXResourcesBuildPhase;
			buildActionMask = 2147483647;
			files = (
			);
			runOnlyForDeploymentPostprocessing = 0;
		};
		A9B5CB76224BBCFD00B2FAFD /* Resources */ = {
			isa = PBXResourcesBuildPhase;
			buildActionMask = 2147483647;
			files = (
			);
			runOnlyForDeploymentPostprocessing = 0;
		};
/* End PBXResourcesBuildPhase section */

/* Begin PBXShellScriptBuildPhase section */
		3BD429B0ABC327F5E70F0F41 /* [CP] Check Pods Manifest.lock */ = {
			isa = PBXShellScriptBuildPhase;
			buildActionMask = 2147483647;
			files = (
			);
			inputFileListPaths = (
			);
			inputPaths = (
				"${PODS_PODFILE_DIR_PATH}/Podfile.lock",
				"${PODS_ROOT}/Manifest.lock",
			);
			name = "[CP] Check Pods Manifest.lock";
			outputFileListPaths = (
			);
			outputPaths = (
				"$(DERIVED_FILE_DIR)/Pods-TumblrViewerUITests-checkManifestLockResult.txt",
			);
			runOnlyForDeploymentPostprocessing = 0;
			shellPath = /bin/sh;
			shellScript = "diff \"${PODS_PODFILE_DIR_PATH}/Podfile.lock\" \"${PODS_ROOT}/Manifest.lock\" > /dev/null\nif [ $? != 0 ] ; then\n    # print error to STDERR\n    echo \"error: The sandbox is not in sync with the Podfile.lock. Run 'pod install' or update your CocoaPods installation.\" >&2\n    exit 1\nfi\n# This output is used by Xcode 'outputs' to avoid re-running this script phase.\necho \"SUCCESS\" > \"${SCRIPT_OUTPUT_FILE_0}\"\n";
			showEnvVarsInLog = 0;
		};
		7F30EB18C726DD9F8A72C26A /* [CP] Check Pods Manifest.lock */ = {
			isa = PBXShellScriptBuildPhase;
			buildActionMask = 2147483647;
			files = (
			);
			inputFileListPaths = (
			);
			inputPaths = (
				"${PODS_PODFILE_DIR_PATH}/Podfile.lock",
				"${PODS_ROOT}/Manifest.lock",
			);
			name = "[CP] Check Pods Manifest.lock";
			outputFileListPaths = (
			);
			outputPaths = (
				"$(DERIVED_FILE_DIR)/Pods-TumblrViewer-checkManifestLockResult.txt",
			);
			runOnlyForDeploymentPostprocessing = 0;
			shellPath = /bin/sh;
			shellScript = "diff \"${PODS_PODFILE_DIR_PATH}/Podfile.lock\" \"${PODS_ROOT}/Manifest.lock\" > /dev/null\nif [ $? != 0 ] ; then\n    # print error to STDERR\n    echo \"error: The sandbox is not in sync with the Podfile.lock. Run 'pod install' or update your CocoaPods installation.\" >&2\n    exit 1\nfi\n# This output is used by Xcode 'outputs' to avoid re-running this script phase.\necho \"SUCCESS\" > \"${SCRIPT_OUTPUT_FILE_0}\"\n";
			showEnvVarsInLog = 0;
		};
		D193D8FD8DEFD0250370572E /* [CP] Copy Pods Resources */ = {
			isa = PBXShellScriptBuildPhase;
			buildActionMask = 2147483647;
			files = (
			);
			inputFileListPaths = (
			);
			inputPaths = (
				"${PODS_ROOT}/Target Support Files/Pods-TumblrViewer/Pods-TumblrViewer-resources.sh",
				"${PODS_ROOT}/MJRefresh/MJRefresh/MJRefresh.bundle",
			);
			name = "[CP] Copy Pods Resources";
			outputFileListPaths = (
			);
			outputPaths = (
				"${TARGET_BUILD_DIR}/${UNLOCALIZED_RESOURCES_FOLDER_PATH}/MJRefresh.bundle",
			);
			runOnlyForDeploymentPostprocessing = 0;
			shellPath = /bin/sh;
			shellScript = "\"${PODS_ROOT}/Target Support Files/Pods-TumblrViewer/Pods-TumblrViewer-resources.sh\"\n";
			showEnvVarsInLog = 0;
		};
		F97A08F93EAFD90D16633A68 /* [CP] Check Pods Manifest.lock */ = {
			isa = PBXShellScriptBuildPhase;
			buildActionMask = 2147483647;
			files = (
			);
			inputFileListPaths = (
			);
			inputPaths = (
				"${PODS_PODFILE_DIR_PATH}/Podfile.lock",
				"${PODS_ROOT}/Manifest.lock",
			);
			name = "[CP] Check Pods Manifest.lock";
			outputFileListPaths = (
			);
			outputPaths = (
				"$(DERIVED_FILE_DIR)/Pods-TumblrViewerTests-checkManifestLockResult.txt",
			);
			runOnlyForDeploymentPostprocessing = 0;
			shellPath = /bin/sh;
			shellScript = "diff \"${PODS_PODFILE_DIR_PATH}/Podfile.lock\" \"${PODS_ROOT}/Manifest.lock\" > /dev/null\nif [ $? != 0 ] ; then\n    # print error to STDERR\n    echo \"error: The sandbox is not in sync with the Podfile.lock. Run 'pod install' or update your CocoaPods installation.\" >&2\n    exit 1\nfi\n# This output is used by Xcode 'outputs' to avoid re-running this script phase.\necho \"SUCCESS\" > \"${SCRIPT_OUTPUT_FILE_0}\"\n";
			showEnvVarsInLog = 0;
		};
/* End PBXShellScriptBuildPhase section */

/* Begin PBXSourcesBuildPhase section */
		A9B5CB51224BBCFC00B2FAFD /* Sources */ = {
			isa = PBXSourcesBuildPhase;
			buildActionMask = 2147483647;
			files = (
				A923A75622B4DA08002340B5 /* BTCollectionViewWaterfallLayout.m in Sources */,
				C3E5C38222ABA104004C68FC /* BTWebview.m in Sources */,
				A9D19FF22250CF370043CFBE /* BTDashboardCollectionCell.m in Sources */,
				A9D19FF92250EEE70043CFBE /* HTMLParser.m in Sources */,
				A9B5CB9C224BC08800B2FAFD /* BTMainTabViewController.m in Sources */,
				A9B40EEB2295924A006A3762 /* BTPostGallaryViewController.m in Sources */,
				A9CEECB722AEC4180079B88C /* BRToastWindow.m in Sources */,
				A9CEECA522AEB0540079B88C /* BTPostDetailViewController.m in Sources */,
				A923A75B22B4FF56002340B5 /* UIImage+AddCorner.m in Sources */,
				A9CEECB922AEC4180079B88C /* BTToastViewControllerContainerView.m in Sources */,
				C3478ECE22BF17CD009A5416 /* XWSLeftView.m in Sources */,
				A960E6EF224CBFF7007A9F2E /* BTRootViewController.m in Sources */,
				A923A76122B7E639002340B5 /* BTPostListViewController.m in Sources */,
				A9D19FD7224DDB350043CFBE /* BTUtils.m in Sources */,
				A9CEECB522AEC4180079B88C /* BTToastManager.m in Sources */,
				A9CEECB622AEC4180079B88C /* BTToastInfo.m in Sources */,
				A9FAB6D222A2865000BEDACF /* BTBaseViewController.m in Sources */,
				A9B5CB68224BBCFD00B2FAFD /* main.m in Sources */,
				A99CC70A224CCCF6007B22C9 /* APIAccessHelper.m in Sources */,
				C3E5C38A22ACDE17004C68FC /* BTUserInfo.m in Sources */,
				A9B35CE22281CF380041CE4C /* BTPost.m in Sources */,
				A9D19FFA2250EEE70043CFBE /* HTMLNode.m in Sources */,
				C355BD24229940D200A12C41 /* BTVideoPlayViewController.m in Sources */,
				A9B5CBA1224BC0C400B2FAFD /* LoginViewController.m in Sources */,
				C355BD282299443500A12C41 /* PostsDataModel.m in Sources */,
				C3E5C37F22AB9FF9004C68FC /* BTURLCacheProtocol.m in Sources */,
				A9B5CBA5224BC10000B2FAFD /* BTMainAppDelegate.m in Sources */,
				A9CEECB822AEC4180079B88C /* BTToastViewController.m in Sources */,
				A9CEECBA22AEC4180079B88C /* BTToastView.m in Sources */,
				C3E5C38722ABAD48004C68FC /* NSData+Base64.m in Sources */,
			);
			runOnlyForDeploymentPostprocessing = 0;
		};
		A9B5CB69224BBCFD00B2FAFD /* Sources */ = {
			isa = PBXSourcesBuildPhase;
			buildActionMask = 2147483647;
			files = (
				A9B5CB72224BBCFD00B2FAFD /* TumblrViewerTests.m in Sources */,
			);
			runOnlyForDeploymentPostprocessing = 0;
		};
		A9B5CB74224BBCFD00B2FAFD /* Sources */ = {
			isa = PBXSourcesBuildPhase;
			buildActionMask = 2147483647;
			files = (
				A9B5CB7D224BBCFD00B2FAFD /* TumblrViewerUITests.m in Sources */,
			);
			runOnlyForDeploymentPostprocessing = 0;
		};
/* End PBXSourcesBuildPhase section */

/* Begin PBXTargetDependency section */
		A9B5CB6F224BBCFD00B2FAFD /* PBXTargetDependency */ = {
			isa = PBXTargetDependency;
			target = A9B5CB54224BBCFC00B2FAFD /* TumblrViewer */;
			targetProxy = A9B5CB6E224BBCFD00B2FAFD /* PBXContainerItemProxy */;
		};
		A9B5CB7A224BBCFD00B2FAFD /* PBXTargetDependency */ = {
			isa = PBXTargetDependency;
			target = A9B5CB54224BBCFC00B2FAFD /* TumblrViewer */;
			targetProxy = A9B5CB79224BBCFD00B2FAFD /* PBXContainerItemProxy */;
		};
/* End PBXTargetDependency section */

/* Begin PBXVariantGroup section */
		A9B5CB63224BBCFD00B2FAFD /* LaunchScreen.storyboard */ = {
			isa = PBXVariantGroup;
			children = (
				A9B5CB64224BBCFD00B2FAFD /* Base */,
				C338441322C6823E00BB71F0 /* zh-Hans */,
			);
			name = LaunchScreen.storyboard;
			sourceTree = "<group>";
		};
		C338440022C66CF400BB71F0 /* Localizable.strings */ = {
			isa = PBXVariantGroup;
			children = (
				C33843FF22C66CF400BB71F0 /* en */,
				C338441422C6825200BB71F0 /* zh-Hans */,
			);
			name = Localizable.strings;
			sourceTree = "<group>";
		};
/* End PBXVariantGroup section */

/* Begin XCBuildConfiguration section */
		A9B5CB7F224BBCFD00B2FAFD /* Debug */ = {
			isa = XCBuildConfiguration;
			buildSettings = {
				ALWAYS_SEARCH_USER_PATHS = NO;
				CLANG_ANALYZER_LOCALIZABILITY_NONLOCALIZED = YES;
				CLANG_ANALYZER_NONNULL = YES;
				CLANG_ANALYZER_NUMBER_OBJECT_CONVERSION = YES_AGGRESSIVE;
				CLANG_CXX_LANGUAGE_STANDARD = "gnu++14";
				CLANG_CXX_LIBRARY = "libc++";
				CLANG_ENABLE_MODULES = YES;
				CLANG_ENABLE_OBJC_ARC = YES;
				CLANG_ENABLE_OBJC_WEAK = YES;
				CLANG_WARN_BLOCK_CAPTURE_AUTORELEASING = YES;
				CLANG_WARN_BOOL_CONVERSION = YES;
				CLANG_WARN_COMMA = YES;
				CLANG_WARN_CONSTANT_CONVERSION = YES;
				CLANG_WARN_DEPRECATED_OBJC_IMPLEMENTATIONS = YES;
				CLANG_WARN_DIRECT_OBJC_ISA_USAGE = YES_ERROR;
				CLANG_WARN_DOCUMENTATION_COMMENTS = YES;
				CLANG_WARN_EMPTY_BODY = YES;
				CLANG_WARN_ENUM_CONVERSION = YES;
				CLANG_WARN_INFINITE_RECURSION = YES;
				CLANG_WARN_INT_CONVERSION = YES;
				CLANG_WARN_NON_LITERAL_NULL_CONVERSION = YES;
				CLANG_WARN_OBJC_IMPLICIT_RETAIN_SELF = YES;
				CLANG_WARN_OBJC_LITERAL_CONVERSION = YES;
				CLANG_WARN_OBJC_ROOT_CLASS = YES_ERROR;
				CLANG_WARN_RANGE_LOOP_ANALYSIS = YES;
				CLANG_WARN_STRICT_PROTOTYPES = YES;
				CLANG_WARN_SUSPICIOUS_MOVE = YES;
				CLANG_WARN_UNGUARDED_AVAILABILITY = YES_AGGRESSIVE;
				CLANG_WARN_UNREACHABLE_CODE = YES;
				CLANG_WARN__DUPLICATE_METHOD_MATCH = YES;
				CODE_SIGN_IDENTITY = "iPhone Developer";
				COPY_PHASE_STRIP = NO;
				DEBUG_INFORMATION_FORMAT = dwarf;
				ENABLE_STRICT_OBJC_MSGSEND = YES;
				ENABLE_TESTABILITY = YES;
				GCC_C_LANGUAGE_STANDARD = gnu11;
				GCC_DYNAMIC_NO_PIC = NO;
				GCC_NO_COMMON_BLOCKS = YES;
				GCC_OPTIMIZATION_LEVEL = 0;
				GCC_PREPROCESSOR_DEFINITIONS = (
					"DEBUG=1",
					"$(inherited)",
				);
				GCC_WARN_64_TO_32_BIT_CONVERSION = YES;
				GCC_WARN_ABOUT_RETURN_TYPE = YES_ERROR;
				GCC_WARN_UNDECLARED_SELECTOR = YES;
				GCC_WARN_UNINITIALIZED_AUTOS = YES_AGGRESSIVE;
				GCC_WARN_UNUSED_FUNCTION = YES;
				GCC_WARN_UNUSED_VARIABLE = YES;
				IPHONEOS_DEPLOYMENT_TARGET = 12.2;
				MTL_ENABLE_DEBUG_INFO = INCLUDE_SOURCE;
				MTL_FAST_MATH = YES;
				ONLY_ACTIVE_ARCH = YES;
				SDKROOT = iphoneos;
			};
			name = Debug;
		};
		A9B5CB80224BBCFD00B2FAFD /* Release */ = {
			isa = XCBuildConfiguration;
			buildSettings = {
				ALWAYS_SEARCH_USER_PATHS = NO;
				CLANG_ANALYZER_LOCALIZABILITY_NONLOCALIZED = YES;
				CLANG_ANALYZER_NONNULL = YES;
				CLANG_ANALYZER_NUMBER_OBJECT_CONVERSION = YES_AGGRESSIVE;
				CLANG_CXX_LANGUAGE_STANDARD = "gnu++14";
				CLANG_CXX_LIBRARY = "libc++";
				CLANG_ENABLE_MODULES = YES;
				CLANG_ENABLE_OBJC_ARC = YES;
				CLANG_ENABLE_OBJC_WEAK = YES;
				CLANG_WARN_BLOCK_CAPTURE_AUTORELEASING = YES;
				CLANG_WARN_BOOL_CONVERSION = YES;
				CLANG_WARN_COMMA = YES;
				CLANG_WARN_CONSTANT_CONVERSION = YES;
				CLANG_WARN_DEPRECATED_OBJC_IMPLEMENTATIONS = YES;
				CLANG_WARN_DIRECT_OBJC_ISA_USAGE = YES_ERROR;
				CLANG_WARN_DOCUMENTATION_COMMENTS = YES;
				CLANG_WARN_EMPTY_BODY = YES;
				CLANG_WARN_ENUM_CONVERSION = YES;
				CLANG_WARN_INFINITE_RECURSION = YES;
				CLANG_WARN_INT_CONVERSION = YES;
				CLANG_WARN_NON_LITERAL_NULL_CONVERSION = YES;
				CLANG_WARN_OBJC_IMPLICIT_RETAIN_SELF = YES;
				CLANG_WARN_OBJC_LITERAL_CONVERSION = YES;
				CLANG_WARN_OBJC_ROOT_CLASS = YES_ERROR;
				CLANG_WARN_RANGE_LOOP_ANALYSIS = YES;
				CLANG_WARN_STRICT_PROTOTYPES = YES;
				CLANG_WARN_SUSPICIOUS_MOVE = YES;
				CLANG_WARN_UNGUARDED_AVAILABILITY = YES_AGGRESSIVE;
				CLANG_WARN_UNREACHABLE_CODE = YES;
				CLANG_WARN__DUPLICATE_METHOD_MATCH = YES;
				CODE_SIGN_IDENTITY = "iPhone Developer";
				COPY_PHASE_STRIP = NO;
				DEBUG_INFORMATION_FORMAT = "dwarf-with-dsym";
				ENABLE_NS_ASSERTIONS = NO;
				ENABLE_STRICT_OBJC_MSGSEND = YES;
				GCC_C_LANGUAGE_STANDARD = gnu11;
				GCC_NO_COMMON_BLOCKS = YES;
				GCC_WARN_64_TO_32_BIT_CONVERSION = YES;
				GCC_WARN_ABOUT_RETURN_TYPE = YES_ERROR;
				GCC_WARN_UNDECLARED_SELECTOR = YES;
				GCC_WARN_UNINITIALIZED_AUTOS = YES_AGGRESSIVE;
				GCC_WARN_UNUSED_FUNCTION = YES;
				GCC_WARN_UNUSED_VARIABLE = YES;
				IPHONEOS_DEPLOYMENT_TARGET = 12.2;
				MTL_ENABLE_DEBUG_INFO = NO;
				MTL_FAST_MATH = YES;
				SDKROOT = iphoneos;
				VALIDATE_PRODUCT = YES;
			};
			name = Release;
		};
		A9B5CB82224BBCFD00B2FAFD /* Debug */ = {
			isa = XCBuildConfiguration;
			baseConfigurationReference = 191250296FFDBABB56972FF6 /* Pods-TumblrViewer.debug.xcconfig */;
			buildSettings = {
				ASSETCATALOG_COMPILER_APPICON_NAME = AppIcon;
				CODE_SIGN_IDENTITY = "iPhone Developer";
				CODE_SIGN_STYLE = Automatic;
				DEVELOPMENT_TEAM = 95VUTJ5927;
				GCC_PREFIX_HEADER = ./TumblrViewer/BT_Prefix.pch;
				HEADER_SEARCH_PATHS = (
					"$(inherited)",
					"\"${PODS_ROOT}/Headers/Public\"",
					"\"${PODS_ROOT}/Headers/Public/AFNetworking\"",
					"\"${PODS_ROOT}/Headers/Public/CHTCollectionViewWaterfallLayout\"",
					"\"${PODS_ROOT}/Headers/Public/MJRefresh\"",
					"\"${PODS_ROOT}/Headers/Public/SDWebImage\"",
					"\"${PODS_ROOT}/Headers/Public/TMTumblrSDK\"",
					/usr/include/libxml2,
				);
				INFOPLIST_FILE = TumblrViewer/Info.plist;
				IPHONEOS_DEPLOYMENT_TARGET = 11.0;
				LD_RUNPATH_SEARCH_PATHS = (
					"$(inherited)",
					"@executable_path/Frameworks",
				);
				PRODUCT_BUNDLE_IDENTIFIER = com.BigTree.TumblrViewer;
				PRODUCT_NAME = "$(TARGET_NAME)";
				PROVISIONING_PROFILE_SPECIFIER = "";
				TARGETED_DEVICE_FAMILY = "1,2";
			};
			name = Debug;
		};
		A9B5CB83224BBCFD00B2FAFD /* Release */ = {
			isa = XCBuildConfiguration;
			baseConfigurationReference = 9D05C14839BA85A336FB3FDB /* Pods-TumblrViewer.release.xcconfig */;
			buildSettings = {
				ASSETCATALOG_COMPILER_APPICON_NAME = AppIcon;
				CODE_SIGN_IDENTITY = "iPhone Developer";
				CODE_SIGN_STYLE = Automatic;
				DEVELOPMENT_TEAM = 95VUTJ5927;
				GCC_PREFIX_HEADER = ./TumblrViewer/BT_Prefix.pch;
				HEADER_SEARCH_PATHS = (
					"$(inherited)",
					"\"${PODS_ROOT}/Headers/Public\"",
					"\"${PODS_ROOT}/Headers/Public/AFNetworking\"",
					"\"${PODS_ROOT}/Headers/Public/CHTCollectionViewWaterfallLayout\"",
					"\"${PODS_ROOT}/Headers/Public/MJRefresh\"",
					"\"${PODS_ROOT}/Headers/Public/SDWebImage\"",
					"\"${PODS_ROOT}/Headers/Public/TMTumblrSDK\"",
					/usr/include/libxml2,
				);
				INFOPLIST_FILE = TumblrViewer/Info.plist;
				IPHONEOS_DEPLOYMENT_TARGET = 11.0;
				LD_RUNPATH_SEARCH_PATHS = (
					"$(inherited)",
					"@executable_path/Frameworks",
				);
				PRODUCT_BUNDLE_IDENTIFIER = com.BigTree.TumblrViewer;
				PRODUCT_NAME = "$(TARGET_NAME)";
				PROVISIONING_PROFILE_SPECIFIER = "";
				TARGETED_DEVICE_FAMILY = "1,2";
			};
			name = Release;
		};
		A9B5CB85224BBCFD00B2FAFD /* Debug */ = {
			isa = XCBuildConfiguration;
			baseConfigurationReference = 41CB0DE5EEEB8BA4C16CE2E1 /* Pods-TumblrViewerTests.debug.xcconfig */;
			buildSettings = {
				BUNDLE_LOADER = "$(TEST_HOST)";
				CODE_SIGN_STYLE = Automatic;
				INFOPLIST_FILE = TumblrViewerTests/Info.plist;
				LD_RUNPATH_SEARCH_PATHS = (
					"$(inherited)",
					"@executable_path/Frameworks",
					"@loader_path/Frameworks",
				);
				PRODUCT_BUNDLE_IDENTIFIER = com.BigTree.TumblrViewerTests;
				PRODUCT_NAME = "$(TARGET_NAME)";
				TARGETED_DEVICE_FAMILY = "1,2";
				TEST_HOST = "$(BUILT_PRODUCTS_DIR)/TumblrViewer.app/TumblrViewer";
			};
			name = Debug;
		};
		A9B5CB86224BBCFD00B2FAFD /* Release */ = {
			isa = XCBuildConfiguration;
			baseConfigurationReference = 7336DB1B74460751D268CE01 /* Pods-TumblrViewerTests.release.xcconfig */;
			buildSettings = {
				BUNDLE_LOADER = "$(TEST_HOST)";
				CODE_SIGN_STYLE = Automatic;
				INFOPLIST_FILE = TumblrViewerTests/Info.plist;
				LD_RUNPATH_SEARCH_PATHS = (
					"$(inherited)",
					"@executable_path/Frameworks",
					"@loader_path/Frameworks",
				);
				PRODUCT_BUNDLE_IDENTIFIER = com.BigTree.TumblrViewerTests;
				PRODUCT_NAME = "$(TARGET_NAME)";
				TARGETED_DEVICE_FAMILY = "1,2";
				TEST_HOST = "$(BUILT_PRODUCTS_DIR)/TumblrViewer.app/TumblrViewer";
			};
			name = Release;
		};
		A9B5CB88224BBCFD00B2FAFD /* Debug */ = {
			isa = XCBuildConfiguration;
			baseConfigurationReference = 8327337146CB205614B98DB0 /* Pods-TumblrViewerUITests.debug.xcconfig */;
			buildSettings = {
				CODE_SIGN_STYLE = Automatic;
				INFOPLIST_FILE = TumblrViewerUITests/Info.plist;
				LD_RUNPATH_SEARCH_PATHS = (
					"$(inherited)",
					"@executable_path/Frameworks",
					"@loader_path/Frameworks",
				);
				PRODUCT_BUNDLE_IDENTIFIER = com.BigTree.TumblrViewerUITests;
				PRODUCT_NAME = "$(TARGET_NAME)";
				TARGETED_DEVICE_FAMILY = "1,2";
				TEST_TARGET_NAME = TumblrViewer;
			};
			name = Debug;
		};
		A9B5CB89224BBCFD00B2FAFD /* Release */ = {
			isa = XCBuildConfiguration;
			baseConfigurationReference = 654A5C53EE79B669EFB9727F /* Pods-TumblrViewerUITests.release.xcconfig */;
			buildSettings = {
				CODE_SIGN_STYLE = Automatic;
				INFOPLIST_FILE = TumblrViewerUITests/Info.plist;
				LD_RUNPATH_SEARCH_PATHS = (
					"$(inherited)",
					"@executable_path/Frameworks",
					"@loader_path/Frameworks",
				);
				PRODUCT_BUNDLE_IDENTIFIER = com.BigTree.TumblrViewerUITests;
				PRODUCT_NAME = "$(TARGET_NAME)";
				TARGETED_DEVICE_FAMILY = "1,2";
				TEST_TARGET_NAME = TumblrViewer;
			};
			name = Release;
		};
/* End XCBuildConfiguration section */

/* Begin XCConfigurationList section */
		A9B5CB50224BBCFC00B2FAFD /* Build configuration list for PBXProject "TumblrViewer" */ = {
			isa = XCConfigurationList;
			buildConfigurations = (
				A9B5CB7F224BBCFD00B2FAFD /* Debug */,
				A9B5CB80224BBCFD00B2FAFD /* Release */,
			);
			defaultConfigurationIsVisible = 0;
			defaultConfigurationName = Release;
		};
		A9B5CB81224BBCFD00B2FAFD /* Build configuration list for PBXNativeTarget "TumblrViewer" */ = {
			isa = XCConfigurationList;
			buildConfigurations = (
				A9B5CB82224BBCFD00B2FAFD /* Debug */,
				A9B5CB83224BBCFD00B2FAFD /* Release */,
			);
			defaultConfigurationIsVisible = 0;
			defaultConfigurationName = Release;
		};
		A9B5CB84224BBCFD00B2FAFD /* Build configuration list for PBXNativeTarget "TumblrViewerTests" */ = {
			isa = XCConfigurationList;
			buildConfigurations = (
				A9B5CB85224BBCFD00B2FAFD /* Debug */,
				A9B5CB86224BBCFD00B2FAFD /* Release */,
			);
			defaultConfigurationIsVisible = 0;
			defaultConfigurationName = Release;
		};
		A9B5CB87224BBCFD00B2FAFD /* Build configuration list for PBXNativeTarget "TumblrViewerUITests" */ = {
			isa = XCConfigurationList;
			buildConfigurations = (
				A9B5CB88224BBCFD00B2FAFD /* Debug */,
				A9B5CB89224BBCFD00B2FAFD /* Release */,
			);
			defaultConfigurationIsVisible = 0;
			defaultConfigurationName = Release;
		};
/* End XCConfigurationList section */
	};
	rootObject = A9B5CB4D224BBCFC00B2FAFD /* Project object */;
}
